
Microsoft Visual Studio Solution File, Format Version 11.00
# Visual Studio 2010
Project("{FAE04EC0-301F-11D3-BF4B-00C04F79EFBC}") = "Assembly-CSharp", "Assembly-CSharp.csproj", "{a0bb4a64-574e-1fe9-2741-85b2022b9cad}"
EndProject
Project("{FAE04EC0-301F-11D3-BF4B-00C04F79EFBC}") = "Microsoft.MixedReality.Toolkit.Demos.Audio", "Microsoft.MixedReality.Toolkit.Demos.Audio.csproj", "{0c02a8a9-0d56-fb8a-6e73-fb20964caa39}"
EndProject
Project("{FAE04EC0-301F-11D3-BF4B-00C04F79EFBC}") = "Microsoft.MixedReality.Toolkit.Demos.UX.Interactables", "Microsoft.MixedReality.Toolkit.Demos.UX.Interactables.csproj", "{f7e8f5c1-19ec-05d8-1974-7093f0b584de}"
EndProject
Project("{FAE04EC0-301F-11D3-BF4B-00C04F79EFBC}") = "Microsoft.MixedReality.Toolkit.Demos.InspectorFields", "Microsoft.MixedReality.Toolkit.Demos.InspectorFields.csproj", "{266ec168-f74a-2a82-63df-35f939eab1ce}"
EndProject
Project("{FAE04EC0-301F-11D3-BF4B-00C04F79EFBC}") = "Microsoft.MixedReality.Toolkit.Demos.Gltf", "Microsoft.MixedReality.Toolkit.Demos.Gltf.csproj", "{3ff56619-4fe1-c446-f1e3-024897440917}"
EndProject
Project("{FAE04EC0-301F-11D3-BF4B-00C04F79EFBC}") = "Microsoft.MixedReality.Toolkit.Demos.StandardShader.Inspectors", "Microsoft.MixedReality.Toolkit.Demos.StandardShader.Inspectors.csproj", "{916bf67d-92e1-66f5-1ed7-367237a4ca88}"
EndProject
Project("{FAE04EC0-301F-11D3-BF4B-00C04F79EFBC}") = "Microsoft.MixedReality.Toolkit.Demos.Gltf.Inspectors", "Microsoft.MixedReality.Toolkit.Demos.Gltf.Inspectors.csproj", "{9d1eb7fb-1245-e34c-1223-fd8fe3512d74}"
EndProject
Project("{FAE04EC0-301F-11D3-BF4B-00C04F79EFBC}") = "Microsoft.MixedReality.Toolkit.Demos.InspectorFields.Inspectors", "Microsoft.MixedReality.Toolkit.Demos.InspectorFields.Inspectors.csproj", "{7818a94e-e14d-9e7b-eea7-129377c3e7b3}"
EndProject
Project("{FAE04EC0-301F-11D3-BF4B-00C04F79EFBC}") = "Assembly-CSharp-Editor", "Assembly-CSharp-Editor.csproj", "{74d0b223-d4c7-4ed7-aec7-58fad4924b27}"
EndProject
Global
	GlobalSection(SolutionConfigurationPlatforms) = preSolution
		Debug|Any CPU = Debug|Any CPU
	EndGlobalSection
	GlobalSection(ProjectConfigurationPlatforms) = postSolution
		{a0bb4a64-574e-1fe9-2741-85b2022b9cad}.Debug|Any CPU.ActiveCfg = Debug|Any CPU
		{a0bb4a64-574e-1fe9-2741-85b2022b9cad}.Debug|Any CPU.Build.0 = Debug|Any CPU
		{0c02a8a9-0d56-fb8a-6e73-fb20964caa39}.Debug|Any CPU.ActiveCfg = Debug|Any CPU
		{0c02a8a9-0d56-fb8a-6e73-fb20964caa39}.Debug|Any CPU.Build.0 = Debug|Any CPU
		{f7e8f5c1-19ec-05d8-1974-7093f0b584de}.Debug|Any CPU.ActiveCfg = Debug|Any CPU
		{f7e8f5c1-19ec-05d8-1974-7093f0b584de}.Debug|Any CPU.Build.0 = Debug|Any CPU
		{266ec168-f74a-2a82-63df-35f939eab1ce}.Debug|Any CPU.ActiveCfg = Debug|Any CPU
		{266ec168-f74a-2a82-63df-35f939eab1ce}.Debug|Any CPU.Build.0 = Debug|Any CPU
		{3ff56619-4fe1-c446-f1e3-024897440917}.Debug|Any CPU.ActiveCfg = Debug|Any CPU
		{3ff56619-4fe1-c446-f1e3-024897440917}.Debug|Any CPU.Build.0 = Debug|Any CPU
		{916bf67d-92e1-66f5-1ed7-367237a4ca88}.Debug|Any CPU.ActiveCfg = Debug|Any CPU
		{916bf67d-92e1-66f5-1ed7-367237a4ca88}.Debug|Any CPU.Build.0 = Debug|Any CPU
		{9d1eb7fb-1245-e34c-1223-fd8fe3512d74}.Debug|Any CPU.ActiveCfg = Debug|Any CPU
		{9d1eb7fb-1245-e34c-1223-fd8fe3512d74}.Debug|Any CPU.Build.0 = Debug|Any CPU
		{7818a94e-e14d-9e7b-eea7-129377c3e7b3}.Debug|Any CPU.ActiveCfg = Debug|Any CPU
		{7818a94e-e14d-9e7b-eea7-129377c3e7b3}.Debug|Any CPU.Build.0 = Debug|Any CPU
		{74d0b223-d4c7-4ed7-aec7-58fad4924b27}.Debug|Any CPU.ActiveCfg = Debug|Any CPU
		{74d0b223-d4c7-4ed7-aec7-58fad4924b27}.Debug|Any CPU.Build.0 = Debug|Any CPU
	EndGlobalSection
	GlobalSection(SolutionProperties) = preSolution
		HideSolutionNode = FALSE
	EndGlobalSection
EndGlobal
