
Microsoft Visual Studio Solution File, Format Version 12.00
# Visual Studio 15
Project("{FAE04EC0-301F-11D3-BF4B-00C04F79EFBC}") = "UnityEngine.UI", "UnityEngine.UI.csproj", "{98891247-A731-02DA-ADDA-B1E18AADBFE6}"
EndProject
Project("{FAE04EC0-301F-11D3-BF4B-00C04F79EFBC}") = "UnityEngine.SpatialTracking", "UnityEngine.SpatialTracking.csproj", "{B518FCC3-C225-9390-7E8B-571137B19921}"
EndProject
Project("{FAE04EC0-301F-11D3-BF4B-00C04F79EFBC}") = "Microsoft.MixedReality.Toolkit", "Microsoft.MixedReality.Toolkit.csproj", "{88EDF186-946F-28B2-356C-497A82E0D5A4}"
EndProject
Project("{FAE04EC0-301F-11D3-BF4B-00C04F79EFBC}") = "Unity.XR.ARFoundation", "Unity.XR.ARFoundation.csproj", "{55C044BC-D9B7-514A-D504-448C43FA60EF}"
EndProject
Project("{FAE04EC0-301F-11D3-BF4B-00C04F79EFBC}") = "Unity.XR.ARSubsystems", "Unity.XR.ARSubsystems.csproj", "{3684EF3E-4292-389F-4799-09395AAF59D1}"
EndProject
Project("{FAE04EC0-301F-11D3-BF4B-00C04F79EFBC}") = "UnityEngine.TestRunner", "UnityEngine.TestRunner.csproj", "{E312CAB9-B60F-971E-28E5-D976AC8C4133}"
EndProject
Project("{FAE04EC0-301F-11D3-BF4B-00C04F79EFBC}") = "Unity.InputSystem", "Unity.InputSystem.csproj", "{275AEAF8-6F1F-476B-8B0D-33B8E324B80E}"
EndProject
Project("{FAE04EC0-301F-11D3-BF4B-00C04F79EFBC}") = "Unity.VisualScripting.State", "Unity.VisualScripting.State.csproj", "{ABF9B346-0D3F-1011-2AF9-2834BABDBC73}"
EndProject
Project("{FAE04EC0-301F-11D3-BF4B-00C04F79EFBC}") = "Microsoft.MixedReality.Toolkit.SDK", "Microsoft.MixedReality.Toolkit.SDK.csproj", "{60C8F370-94C3-55C7-B5BF-73132C4CF129}"
EndProject
Project("{FAE04EC0-301F-11D3-BF4B-00C04F79EFBC}") = "Microsoft.MixedReality.Toolkit.Services.InputSystem", "Microsoft.MixedReality.Toolkit.Services.InputSystem.csproj", "{E026D731-9E88-619B-F7E6-4942C969CA92}"
EndProject
Project("{FAE04EC0-301F-11D3-BF4B-00C04F79EFBC}") = "Microsoft.MixedReality.OpenXR", "Microsoft.MixedReality.OpenXR.csproj", "{C940DAA1-FC94-61FB-D0C4-CFFCCB5733D2}"
EndProject
Project("{FAE04EC0-301F-11D3-BF4B-00C04F79EFBC}") = "Unity.VisualScripting.Flow", "Unity.VisualScripting.Flow.csproj", "{59C3E99F-6169-F0C5-3182-251E64F74E7E}"
EndProject
Project("{FAE04EC0-301F-11D3-BF4B-00C04F79EFBC}") = "Unity.VisualScripting.Core", "Unity.VisualScripting.Core.csproj", "{6F2A5531-06D5-9EB5-8250-D46AE514E6F0}"
EndProject
Project("{FAE04EC0-301F-11D3-BF4B-00C04F79EFBC}") = "Microsoft.MixedReality.WorldLocking.Core", "Microsoft.MixedReality.WorldLocking.Core.csproj", "{B2D26B73-3585-971B-4CAF-A629841A93A6}"
EndProject
Project("{FAE04EC0-301F-11D3-BF4B-00C04F79EFBC}") = "Unity.TextMeshPro", "Unity.TextMeshPro.csproj", "{CE5473B7-3D2E-B895-164B-D725F9CE9FAF}"
EndProject
Project("{FAE04EC0-301F-11D3-BF4B-00C04F79EFBC}") = "Microsoft.MixedReality.Toolkit.Providers.UnityAR", "Microsoft.MixedReality.Toolkit.Providers.UnityAR.csproj", "{700464C6-ED10-1F0F-9842-44F03D38141D}"
EndProject
Project("{FAE04EC0-301F-11D3-BF4B-00C04F79EFBC}") = "Microsoft.MixedReality.Toolkit.Services.CameraSystem", "Microsoft.MixedReality.Toolkit.Services.CameraSystem.csproj", "{3AFA2506-6E30-7A77-4647-0B5BF0773067}"
EndProject
Project("{FAE04EC0-301F-11D3-BF4B-00C04F79EFBC}") = "Autodesk.Fbx", "Autodesk.Fbx.csproj", "{6BDB0A16-C332-8833-2037-1C5016ECF9D1}"
EndProject
Project("{FAE04EC0-301F-11D3-BF4B-00C04F79EFBC}") = "Microsoft.ObjectAnchors.Runtime.Core", "Microsoft.ObjectAnchors.Runtime.Core.csproj", "{D0ED9806-C9E8-A733-63D3-277C2F299805}"
EndProject
Project("{FAE04EC0-301F-11D3-BF4B-00C04F79EFBC}") = "Microsoft.MixedReality.Toolkit.Providers.WindowsMixedReality.Shared", "Microsoft.MixedReality.Toolkit.Providers.WindowsMixedReality.Shared.csproj", "{046BBF87-2B3B-5387-A999-C23CE6624F4A}"
EndProject
Project("{FAE04EC0-301F-11D3-BF4B-00C04F79EFBC}") = "Microsoft.MixedReality.Toolkit.Providers.WindowsSceneUnderstanding", "Microsoft.MixedReality.Toolkit.Providers.WindowsSceneUnderstanding.csproj", "{440E8BB0-322B-F54C-3521-0495ECDEE439}"
EndProject
Project("{FAE04EC0-301F-11D3-BF4B-00C04F79EFBC}") = "Microsoft.MixedReality.Toolkit.Examples", "Microsoft.MixedReality.Toolkit.Examples.csproj", "{AC39BB55-60AC-594A-F41F-D7FBF8F6EE1E}"
EndProject
Project("{FAE04EC0-301F-11D3-BF4B-00C04F79EFBC}") = "Microsoft.MixedReality.Toolkit.Gltf", "Microsoft.MixedReality.Toolkit.Gltf.csproj", "{C48CEB3B-C234-572D-B2E5-D4F6F5D8C8F2}"
EndProject
Project("{FAE04EC0-301F-11D3-BF4B-00C04F79EFBC}") = "Unity.ProBuilder.Poly2Tri", "Unity.ProBuilder.Poly2Tri.csproj", "{E6D7E56B-9810-A7A0-EEDA-E87E4257F3DE}"
EndProject
Project("{FAE04EC0-301F-11D3-BF4B-00C04F79EFBC}") = "Unity.Polybrush", "Unity.Polybrush.csproj", "{0A0F5318-C793-94D4-007A-690C9003FDF8}"
EndProject
Project("{FAE04EC0-301F-11D3-BF4B-00C04F79EFBC}") = "Unity.ProBuilder", "Unity.ProBuilder.csproj", "{909AB2B6-C7F2-2A2D-9797-321383306E41}"
EndProject
Project("{FAE04EC0-301F-11D3-BF4B-00C04F79EFBC}") = "Unity.XR.CoreUtils", "Unity.XR.CoreUtils.csproj", "{440B5E14-0894-BA33-7D03-5FE9F028A0ED}"
EndProject
Project("{FAE04EC0-301F-11D3-BF4B-00C04F79EFBC}") = "Microsoft.MixedReality.Toolkit.Services.InputSimulation", "Microsoft.MixedReality.Toolkit.Services.InputSimulation.csproj", "{364577E7-03B5-909E-7521-FDB8FC79A034}"
EndProject
Project("{FAE04EC0-301F-11D3-BF4B-00C04F79EFBC}") = "Unity.XR.OpenXR", "Unity.XR.OpenXR.csproj", "{65EC5D47-F4AB-8F94-659A-1FBF8B46D2DF}"
EndProject
Project("{FAE04EC0-301F-11D3-BF4B-00C04F79EFBC}") = "Microsoft.MixedReality.Toolkit.Tests.Utilities", "Microsoft.MixedReality.Toolkit.Tests.Utilities.csproj", "{0CD3F48F-4621-133A-ABB0-FB061165A627}"
EndProject
Project("{FAE04EC0-301F-11D3-BF4B-00C04F79EFBC}") = "Assembly-CSharp", "Assembly-CSharp.csproj", "{09859FA7-3AF1-8EEC-68AB-CFD3222F4EC1}"
EndProject
Project("{FAE04EC0-301F-11D3-BF4B-00C04F79EFBC}") = "Unity.Timeline", "Unity.Timeline.csproj", "{8F12AC08-2A2E-601A-0444-2AD5F8E4018E}"
EndProject
Project("{FAE04EC0-301F-11D3-BF4B-00C04F79EFBC}") = "Microsoft.MixedReality.Toolkit.SDK.Experimental.Interactive", "Microsoft.MixedReality.Toolkit.SDK.Experimental.Interactive.csproj", "{9A461973-CC54-7F45-8372-CF8F3864F693}"
EndProject
Project("{FAE04EC0-301F-11D3-BF4B-00C04F79EFBC}") = "Microsoft.MixedReality.WorldLocking.Tools", "Microsoft.MixedReality.WorldLocking.Tools.csproj", "{43FA680C-E7CF-0DAB-ACF1-CBB382952781}"
EndProject
Project("{FAE04EC0-301F-11D3-BF4B-00C04F79EFBC}") = "Unity.TerrainTools", "Unity.TerrainTools.csproj", "{FC178392-BE7F-0401-127F-DCE4D8A0E2ED}"
EndProject
Project("{FAE04EC0-301F-11D3-BF4B-00C04F79EFBC}") = "Microsoft.MixedReality.Toolkit.Providers.OpenXR", "Microsoft.MixedReality.Toolkit.Providers.OpenXR.csproj", "{926EA8CE-CC45-1128-BCAF-243E7650369F}"
EndProject
Project("{FAE04EC0-301F-11D3-BF4B-00C04F79EFBC}") = "Microsoft.MixedReality.Toolkit.Extensions.Tracking", "Microsoft.MixedReality.Toolkit.Extensions.Tracking.csproj", "{8741C1BF-60AE-1E4E-450C-068B56B990B7}"
EndProject
Project("{FAE04EC0-301F-11D3-BF4B-00C04F79EFBC}") = "Microsoft.ObjectAnchors.Runtime.Api", "Microsoft.ObjectAnchors.Runtime.Api.csproj", "{8AAC44CF-A4CB-EC92-5E5E-CF9C64C4DD7E}"
EndProject
Project("{FAE04EC0-301F-11D3-BF4B-00C04F79EFBC}") = "Microsoft.MixedReality.Toolkit.Providers.XRSDK.WindowsMixedReality", "Microsoft.MixedReality.Toolkit.Providers.XRSDK.WindowsMixedReality.csproj", "{B069F9F3-3905-C259-C10A-9069DBA1BAAC}"
EndProject
Project("{FAE04EC0-301F-11D3-BF4B-00C04F79EFBC}") = "Microsoft.MixedReality.Toolkit.Extensions.HandPhysics", "Microsoft.MixedReality.Toolkit.Extensions.HandPhysics.csproj", "{2B50FE6D-3ACC-1C82-CE7B-642B3DC7437E}"
EndProject
Project("{FAE04EC0-301F-11D3-BF4B-00C04F79EFBC}") = "Unity.Formats.Fbx.Runtime", "Unity.Formats.Fbx.Runtime.csproj", "{D486017C-8A15-FDAE-7BE3-71E1EBB9CD2B}"
EndProject
Project("{FAE04EC0-301F-11D3-BF4B-00C04F79EFBC}") = "Microsoft.MixedReality.Toolkit.Providers.XRSDK", "Microsoft.MixedReality.Toolkit.Providers.XRSDK.csproj", "{A5CDC873-9DDE-33D7-A5D7-37089F1D3DB7}"
EndProject
Project("{FAE04EC0-301F-11D3-BF4B-00C04F79EFBC}") = "Microsoft.MixedReality.Toolkit.Providers.LeapMotion", "Microsoft.MixedReality.Toolkit.Providers.LeapMotion.csproj", "{8AB9C3A3-CFC7-7A87-32B1-715D50C6FD44}"
EndProject
Project("{FAE04EC0-301F-11D3-BF4B-00C04F79EFBC}") = "Microsoft.MixedReality.Toolkit.Services.InputAnimation", "Microsoft.MixedReality.Toolkit.Services.InputAnimation.csproj", "{B199CFC6-7271-4B21-8051-9296CDF4F07B}"
EndProject
Project("{FAE04EC0-301F-11D3-BF4B-00C04F79EFBC}") = "Unity.XR.Management", "Unity.XR.Management.csproj", "{D92E9A48-C709-D908-AFF4-BF287A3EC37F}"
EndProject
Project("{FAE04EC0-301F-11D3-BF4B-00C04F79EFBC}") = "Unity.ProBuilder.KdTree", "Unity.ProBuilder.KdTree.csproj", "{6DCDE13A-E779-B7B0-38ED-B343537753E3}"
EndProject
Project("{FAE04EC0-301F-11D3-BF4B-00C04F79EFBC}") = "AzureSpatialAnchors.SDK.Windows.Runtime", "AzureSpatialAnchors.SDK.Windows.Runtime.csproj", "{CFEC956E-7518-2EC1-9F92-8842D61B7568}"
EndProject
Project("{FAE04EC0-301F-11D3-BF4B-00C04F79EFBC}") = "Microsoft.MixedReality.WorldLocking.ASA", "Microsoft.MixedReality.WorldLocking.ASA.csproj", "{A245ADCD-3F3E-1E49-627A-FF11E3BBD31E}"
EndProject
Project("{FAE04EC0-301F-11D3-BF4B-00C04F79EFBC}") = "Microsoft.MixedReality.Unity.FrozenWorld.Engine", "Microsoft.MixedReality.Unity.FrozenWorld.Engine.csproj", "{72ED2B3B-2185-67B9-39B6-2F4AF25022FD}"
EndProject
Project("{FAE04EC0-301F-11D3-BF4B-00C04F79EFBC}") = "Microsoft.MixedReality.Toolkit.Services.DiagnosticsSystem", "Microsoft.MixedReality.Toolkit.Services.DiagnosticsSystem.csproj", "{9574B0B2-7EE9-4C6D-7A6A-EB79395C4CDC}"
EndProject
Project("{FAE04EC0-301F-11D3-BF4B-00C04F79EFBC}") = "Microsoft.MixedReality.WorldLocking.Engine", "Microsoft.MixedReality.WorldLocking.Engine.csproj", "{BA9B6EE5-5A7C-88FF-8FA3-49BB2344DE55}"
EndProject
Project("{FAE04EC0-301F-11D3-BF4B-00C04F79EFBC}") = "AzureSpatialAnchors.SDK.Core.Runtime", "AzureSpatialAnchors.SDK.Core.Runtime.csproj", "{31B98F09-C54C-689F-8750-02212B7A8553}"
EndProject
Project("{FAE04EC0-301F-11D3-BF4B-00C04F79EFBC}") = "Microsoft.MixedReality.Toolkit.Services.SceneSystem", "Microsoft.MixedReality.Toolkit.Services.SceneSystem.csproj", "{BE601C99-D22D-D9B9-2D96-5385409BB39F}"
EndProject
Project("{FAE04EC0-301F-11D3-BF4B-00C04F79EFBC}") = "UnityEngine.XR.LegacyInputHelpers", "UnityEngine.XR.LegacyInputHelpers.csproj", "{F0B2EEA3-2258-BC27-E5AA-C954D8421C67}"
EndProject
Project("{FAE04EC0-301F-11D3-BF4B-00C04F79EFBC}") = "Microsoft.MixedReality.Toolkit.Services.SpatialAwarenessSystem", "Microsoft.MixedReality.Toolkit.Services.SpatialAwarenessSystem.csproj", "{C90726B9-B46B-B446-4C7A-AC4B69DB8BDC}"
EndProject
Project("{FAE04EC0-301F-11D3-BF4B-00C04F79EFBC}") = "Microsoft.MixedReality.Toolkit.Async", "Microsoft.MixedReality.Toolkit.Async.csproj", "{359F7876-ABC4-C820-3FD6-8B7E4CBDAF5F}"
EndProject
Project("{FAE04EC0-301F-11D3-BF4B-00C04F79EFBC}") = "Microsoft.MixedReality.Toolkit.Extensions.SceneTransitionService", "Microsoft.MixedReality.Toolkit.Extensions.SceneTransitionService.csproj", "{6452B13A-BA70-D17F-12A7-0F3F5B9D4B33}"
EndProject
Project("{FAE04EC0-301F-11D3-BF4B-00C04F79EFBC}") = "Microsoft.MixedReality.Toolkit.MicStream", "Microsoft.MixedReality.Toolkit.MicStream.csproj", "{D8979891-1355-685B-09B1-ECC160D064B1}"
EndProject
Project("{FAE04EC0-301F-11D3-BF4B-00C04F79EFBC}") = "Microsoft.MixedReality.Toolkit.Tools.Runtime", "Microsoft.MixedReality.Toolkit.Tools.Runtime.csproj", "{C7303F3E-8949-C658-EC1B-B16F697FAA2B}"
EndProject
Project("{FAE04EC0-301F-11D3-BF4B-00C04F79EFBC}") = "Microsoft.MixedReality.Toolkit.Demos.Audio", "Microsoft.MixedReality.Toolkit.Demos.Audio.csproj", "{5C096F3E-1113-23DE-B555-C2E02753DBF2}"
EndProject
Project("{FAE04EC0-301F-11D3-BF4B-00C04F79EFBC}") = "Microsoft.MixedReality.Toolkit.Providers.WindowsVoiceInput", "Microsoft.MixedReality.Toolkit.Providers.WindowsVoiceInput.csproj", "{115429DD-0BD7-DED8-C7E0-108F285B3639}"
EndProject
Project("{FAE04EC0-301F-11D3-BF4B-00C04F79EFBC}") = "Microsoft.MixedReality.Toolkit.GpuStats", "Microsoft.MixedReality.Toolkit.GpuStats.csproj", "{508C1E3D-84B9-65B6-8CA0-591BE580C70B}"
EndProject
Project("{FAE04EC0-301F-11D3-BF4B-00C04F79EFBC}") = "Microsoft.MixedReality.Toolkit.PlaneFinding", "Microsoft.MixedReality.Toolkit.PlaneFinding.csproj", "{C1CF7908-F8F9-B5D4-B4A7-65C825258A62}"
EndProject
Project("{FAE04EC0-301F-11D3-BF4B-00C04F79EFBC}") = "Unity.XR.OpenXR.Features.ConformanceAutomation", "Unity.XR.OpenXR.Features.ConformanceAutomation.csproj", "{D06886F0-AC0D-D537-595D-289F004AC4D3}"
EndProject
Project("{FAE04EC0-301F-11D3-BF4B-00C04F79EFBC}") = "Microsoft.MixedReality.Toolkit.Providers.XRSDK.Oculus", "Microsoft.MixedReality.Toolkit.Providers.XRSDK.Oculus.csproj", "{29B38FDA-FE75-909E-522F-6CFF2C6BEF83}"
EndProject
Project("{FAE04EC0-301F-11D3-BF4B-00C04F79EFBC}") = "Microsoft.MixedReality.Toolkit.Demos.UX.Interactables", "Microsoft.MixedReality.Toolkit.Demos.UX.Interactables.csproj", "{33CA0C91-A589-6E33-EB93-FC04B27278FF}"
EndProject
Project("{FAE04EC0-301F-11D3-BF4B-00C04F79EFBC}") = "Unity.ProBuilder.Csg", "Unity.ProBuilder.Csg.csproj", "{2BF2675D-6FCF-3046-2BD9-615B2AC063BD}"
EndProject
Project("{FAE04EC0-301F-11D3-BF4B-00C04F79EFBC}") = "Unity.XR.OpenXR.Features.MockRuntime", "Unity.XR.OpenXR.Features.MockRuntime.csproj", "{0680B1A8-51AB-93D1-A177-95DBAAD70928}"
EndProject
Project("{FAE04EC0-301F-11D3-BF4B-00C04F79EFBC}") = "Microsoft.MixedReality.Toolkit.Demos.InspectorFields", "Microsoft.MixedReality.Toolkit.Demos.InspectorFields.csproj", "{8B53D86B-78CF-A192-87F3-C0D7EA8BFA09}"
EndProject
Project("{FAE04EC0-301F-11D3-BF4B-00C04F79EFBC}") = "Unity.Subsystem.Registration", "Unity.Subsystem.Registration.csproj", "{DB076A8E-7F69-7316-73B6-8658E064321C}"
EndProject
Project("{FAE04EC0-301F-11D3-BF4B-00C04F79EFBC}") = "Unity.XR.OpenXR.Features.MetaQuestSupport", "Unity.XR.OpenXR.Features.MetaQuestSupport.csproj", "{EE5A8A79-3DC5-C175-B2F6-133A5BD48976}"
EndProject
Project("{FAE04EC0-301F-11D3-BF4B-00C04F79EFBC}") = "Unity.ProBuilder.Stl", "Unity.ProBuilder.Stl.csproj", "{05909EC6-2C08-6AEC-2620-98982B619A31}"
EndProject
Project("{FAE04EC0-301F-11D3-BF4B-00C04F79EFBC}") = "Unity.InputSystem.ForUI", "Unity.InputSystem.ForUI.csproj", "{6975E011-CD80-3E54-72A4-460528869679}"
EndProject
Project("{FAE04EC0-301F-11D3-BF4B-00C04F79EFBC}") = "Unity.InputSystem.TestFramework", "Unity.InputSystem.TestFramework.csproj", "{30F53185-45BC-B7B9-619A-4AC83FE1D822}"
EndProject
Project("{FAE04EC0-301F-11D3-BF4B-00C04F79EFBC}") = "Microsoft.MixedReality.Toolkit.Demos.Gltf", "Microsoft.MixedReality.Toolkit.Demos.Gltf.csproj", "{9D1FEDEF-5CA5-03FC-FEDA-765DC538E5F6}"
EndProject
Project("{FAE04EC0-301F-11D3-BF4B-00C04F79EFBC}") = "Unity.XR.OpenXR.Features.RuntimeDebugger", "Unity.XR.OpenXR.Features.RuntimeDebugger.csproj", "{6E2C2C52-6561-AB31-06F2-2BF609ED71C2}"
EndProject
Project("{FAE04EC0-301F-11D3-BF4B-00C04F79EFBC}") = "FbxBuildTestAssets", "FbxBuildTestAssets.csproj", "{3FEA8054-17A3-4FC8-722A-9FE83ADC3235}"
EndProject
Project("{FAE04EC0-301F-11D3-BF4B-00C04F79EFBC}") = "Microsoft.MixedReality.Toolkit.Services.TeleportSystem", "Microsoft.MixedReality.Toolkit.Services.TeleportSystem.csproj", "{489582BA-7F89-3D6D-A3C3-9B903EFFD201}"
EndProject
Project("{FAE04EC0-301F-11D3-BF4B-00C04F79EFBC}") = "Unity.XR.OpenXR.Features.OculusQuestSupport", "Unity.XR.OpenXR.Features.OculusQuestSupport.csproj", "{DCA79334-AB64-2551-8E04-61DDCF1963E4}"
EndProject
Project("{FAE04EC0-301F-11D3-BF4B-00C04F79EFBC}") = "Unity.PlasticSCM.Editor", "Unity.PlasticSCM.Editor.csproj", "{E9473D75-88C7-9AD0-D1D1-06506CFCDC9E}"
EndProject
Project("{FAE04EC0-301F-11D3-BF4B-00C04F79EFBC}") = "Unity.VisualScripting.Core.Editor", "Unity.VisualScripting.Core.Editor.csproj", "{D0021971-1D10-528D-3DB4-57AECA33A5D0}"
EndProject
Project("{FAE04EC0-301F-11D3-BF4B-00C04F79EFBC}") = "Unity.TerrainTools.Editor", "Unity.TerrainTools.Editor.csproj", "{1E395C88-849B-2DE2-871D-62C82E955E89}"
EndProject
Project("{FAE04EC0-301F-11D3-BF4B-00C04F79EFBC}") = "Unity.Formats.Fbx.Editor", "Unity.Formats.Fbx.Editor.csproj", "{AE586A38-53BA-78D6-19D6-C7A6CFEAD54B}"
EndProject
Project("{FAE04EC0-301F-11D3-BF4B-00C04F79EFBC}") = "Unity.Timeline.Editor", "Unity.Timeline.Editor.csproj", "{D19A169C-365A-FEBD-BEAA-8DFCE39A42BF}"
EndProject
Project("{FAE04EC0-301F-11D3-BF4B-00C04F79EFBC}") = "Unity.ProBuilder.Editor", "Unity.ProBuilder.Editor.csproj", "{DCB68F81-A932-487D-99B1-74C3D04D7608}"
EndProject
Project("{FAE04EC0-301F-11D3-BF4B-00C04F79EFBC}") = "Unity.TextMeshPro.Editor", "Unity.TextMeshPro.Editor.csproj", "{FDEB006F-FD0F-80F3-B8AF-94C6291A4AA5}"
EndProject
Project("{FAE04EC0-301F-11D3-BF4B-00C04F79EFBC}") = "Unity.VisualScripting.SettingsProvider.Editor", "Unity.VisualScripting.SettingsProvider.Editor.csproj", "{D125D8CF-DD81-61F5-4ED4-70846EDB05CB}"
EndProject
Project("{FAE04EC0-301F-11D3-BF4B-00C04F79EFBC}") = "UnityEditor.TestRunner", "UnityEditor.TestRunner.csproj", "{530B5CF5-3504-7F89-23D1-5FBE85627507}"
EndProject
Project("{FAE04EC0-301F-11D3-BF4B-00C04F79EFBC}") = "Unity.TestTools.CodeCoverage.Editor", "Unity.TestTools.CodeCoverage.Editor.csproj", "{3C0BFBA9-71D9-A10C-6409-93FF76146117}"
EndProject
Project("{FAE04EC0-301F-11D3-BF4B-00C04F79EFBC}") = "Unity.VisualScripting.Flow.Editor", "Unity.VisualScripting.Flow.Editor.csproj", "{EEBB2ABA-48C9-949B-6F78-47FB417640E8}"
EndProject
Project("{FAE04EC0-301F-11D3-BF4B-00C04F79EFBC}") = "Unity.Polybrush.Editor", "Unity.Polybrush.Editor.csproj", "{38F68802-5E90-6650-7093-5A31036A4745}"
EndProject
Project("{FAE04EC0-301F-11D3-BF4B-00C04F79EFBC}") = "Unity.Rider.Editor", "Unity.Rider.Editor.csproj", "{670AC6BF-B353-3C11-D43E-3FCC5167CEC5}"
EndProject
Project("{FAE04EC0-301F-11D3-BF4B-00C04F79EFBC}") = "Microsoft.MixedReality.WorldLocking.Core.Editor", "Microsoft.MixedReality.WorldLocking.Core.Editor.csproj", "{E8D891B8-C8AC-3F6A-25D8-4168C558CA56}"
EndProject
Project("{FAE04EC0-301F-11D3-BF4B-00C04F79EFBC}") = "Microsoft.MixedReality.Toolkit.Editor.Inspectors", "Microsoft.MixedReality.Toolkit.Editor.Inspectors.csproj", "{04BCEE1C-782A-0EFB-727C-206A681C7403}"
EndProject
Project("{FAE04EC0-301F-11D3-BF4B-00C04F79EFBC}") = "Unity.Performance.Profile-Analyzer.Editor", "Unity.Performance.Profile-Analyzer.Editor.csproj", "{47310B63-DD4F-9547-2330-6774D4E1A816}"
EndProject
Project("{FAE04EC0-301F-11D3-BF4B-00C04F79EFBC}") = "FigmaToolkit", "FigmaToolkit.csproj", "{DF39C4D9-8E4D-F155-1CE7-28BD07721265}"
EndProject
Project("{FAE04EC0-301F-11D3-BF4B-00C04F79EFBC}") = "Microsoft.MixedReality.Toolkit.Services.InputSystem.Editor", "Microsoft.MixedReality.Toolkit.Services.InputSystem.Editor.csproj", "{FC357EC0-298D-DEAF-438B-23595B4466E5}"
EndProject
Project("{FAE04EC0-301F-11D3-BF4B-00C04F79EFBC}") = "Microsoft.MixedReality.Toolkit.Editor.Utilities", "Microsoft.MixedReality.Toolkit.Editor.Utilities.csproj", "{F937D354-7429-980C-99EE-C209CA1110D9}"
EndProject
Project("{FAE04EC0-301F-11D3-BF4B-00C04F79EFBC}") = "Microsoft.MixedReality.Toolkit.SDK.Editor", "Microsoft.MixedReality.Toolkit.SDK.Editor.csproj", "{5A121BEA-8FC4-8358-FFBA-61EEFECC2C7D}"
EndProject
Project("{FAE04EC0-301F-11D3-BF4B-00C04F79EFBC}") = "Unity.XR.OpenXR.Features.OculusQuestSupport.Editor", "Unity.XR.OpenXR.Features.OculusQuestSupport.Editor.csproj", "{8D052031-6F65-CC58-0C6C-B489D5ED992F}"
EndProject
Project("{FAE04EC0-301F-11D3-BF4B-00C04F79EFBC}") = "Unity.XR.Management.Editor", "Unity.XR.Management.Editor.csproj", "{39C4323C-22BA-2393-5C73-A051D6D6DBCA}"
EndProject
Project("{FAE04EC0-301F-11D3-BF4B-00C04F79EFBC}") = "Unity.VSCode.Editor", "Unity.VSCode.Editor.csproj", "{3C315D34-5AB5-1E15-ED26-190DC3C39A14}"
EndProject
Project("{FAE04EC0-301F-11D3-BF4B-00C04F79EFBC}") = "Unity.VisualStudio.Editor", "Unity.VisualStudio.Editor.csproj", "{1A300F8D-1189-BD47-96A3-EC8F4427963E}"
EndProject
Project("{FAE04EC0-301F-11D3-BF4B-00C04F79EFBC}") = "Microsoft.MixedReality.Toolkit.MSBuild", "Microsoft.MixedReality.Toolkit.MSBuild.csproj", "{76E1AD26-0F11-529D-0B41-870CCF71A855}"
EndProject
Project("{FAE04EC0-301F-11D3-BF4B-00C04F79EFBC}") = "Microsoft.MixedReality.Toolkit.Providers.LeapMotion.Editor", "Microsoft.MixedReality.Toolkit.Providers.LeapMotion.Editor.csproj", "{CAE1B45F-4163-944A-D1B0-06774321561C}"
EndProject
Project("{FAE04EC0-301F-11D3-BF4B-00C04F79EFBC}") = "Unity.TestTools.CodeCoverage.Editor.OpenCover.Model", "Unity.TestTools.CodeCoverage.Editor.OpenCover.Model.csproj", "{E761BFF2-C457-26C6-641B-6B7BA108B915}"
EndProject
Project("{FAE04EC0-301F-11D3-BF4B-00C04F79EFBC}") = "Unity.Settings.Editor", "Unity.Settings.Editor.csproj", "{14BFA297-103D-AB74-9AEB-8E31906C2E2A}"
EndProject
Project("{FAE04EC0-301F-11D3-BF4B-00C04F79EFBC}") = "UnityEditor.SpatialTracking", "UnityEditor.SpatialTracking.csproj", "{A89CE6DD-DF1C-9822-D7E7-97B033EA88B5}"
EndProject
Project("{FAE04EC0-301F-11D3-BF4B-00C04F79EFBC}") = "Microsoft.MixedReality.Toolkit.Providers.ObjectMeshObserver", "Microsoft.MixedReality.Toolkit.Providers.ObjectMeshObserver.csproj", "{E4EDED21-9D3C-A697-9184-DAD5286D112D}"
EndProject
Project("{FAE04EC0-301F-11D3-BF4B-00C04F79EFBC}") = "Unity.XR.OpenXR.Editor", "Unity.XR.OpenXR.Editor.csproj", "{2A04E422-9CB2-B251-75DB-8C859F927F7C}"
EndProject
Project("{FAE04EC0-301F-11D3-BF4B-00C04F79EFBC}") = "Microsoft.MixedReality.Toolkit.Demos.StandardShader.Inspectors", "Microsoft.MixedReality.Toolkit.Demos.StandardShader.Inspectors.csproj", "{0E57C253-25E9-7ABF-EBA8-45814D38784B}"
EndProject
Project("{FAE04EC0-301F-11D3-BF4B-00C04F79EFBC}") = "Unity.CollabProxy.Editor", "Unity.CollabProxy.Editor.csproj", "{D6D09D00-A099-9F68-D744-D59FF8FF732E}"
EndProject
Project("{FAE04EC0-301F-11D3-BF4B-00C04F79EFBC}") = "Microsoft.MixedReality.Toolkit.Demos.Gltf.Inspectors", "Microsoft.MixedReality.Toolkit.Demos.Gltf.Inspectors.csproj", "{33AC8FC0-50CC-6C7A-FB39-9BCD0BE7055D}"
EndProject
Project("{FAE04EC0-301F-11D3-BF4B-00C04F79EFBC}") = "Unity.XR.ARFoundation.Editor", "Unity.XR.ARFoundation.Editor.csproj", "{67D751B8-AD40-B47A-9CF1-57F06BD37195}"
EndProject
Project("{FAE04EC0-301F-11D3-BF4B-00C04F79EFBC}") = "Unity.VisualScripting.State.Editor", "Unity.VisualScripting.State.Editor.csproj", "{BF795BEA-BC5F-5ECE-758B-8AE041870164}"
EndProject
Project("{FAE04EC0-301F-11D3-BF4B-00C04F79EFBC}") = "UnityEditor.UI", "UnityEditor.UI.csproj", "{91BB236F-F12D-5F0D-A970-3246B1D117E5}"
EndProject
Project("{FAE04EC0-301F-11D3-BF4B-00C04F79EFBC}") = "Unity.XR.CoreUtils.Editor", "Unity.XR.CoreUtils.Editor.csproj", "{DF871EFD-FF5A-712D-718D-283829565DF3}"
EndProject
Project("{FAE04EC0-301F-11D3-BF4B-00C04F79EFBC}") = "UnityEditor.XR.LegacyInputHelpers", "UnityEditor.XR.LegacyInputHelpers.csproj", "{9F3DC0D5-9FC3-F7EE-A6F1-6888B6653BB5}"
EndProject
Project("{FAE04EC0-301F-11D3-BF4B-00C04F79EFBC}") = "Unity.XR.ARSubsystems.Editor", "Unity.XR.ARSubsystems.Editor.csproj", "{A03EA050-ECBA-B732-1ECA-3C2A6FA5F307}"
EndProject
Project("{FAE04EC0-301F-11D3-BF4B-00C04F79EFBC}") = "Microsoft.MixedReality.Toolkit.Editor.ClassExtensions", "Microsoft.MixedReality.Toolkit.Editor.ClassExtensions.csproj", "{2EE465F4-63EF-11E2-6F06-DA85A764D711}"
EndProject
Project("{FAE04EC0-301F-11D3-BF4B-00C04F79EFBC}") = "Microsoft.MixedReality.Toolkit.Editor.BuildAndDeploy", "Microsoft.MixedReality.Toolkit.Editor.BuildAndDeploy.csproj", "{81406913-298A-3830-2C16-17130778D149}"
EndProject
Project("{FAE04EC0-301F-11D3-BF4B-00C04F79EFBC}") = "Microsoft.MixedReality.Toolkit.Editor.ServiceInspectors", "Microsoft.MixedReality.Toolkit.Editor.ServiceInspectors.csproj", "{7F34CE6D-FF72-2FD2-9E03-EC3CD6C0B2E1}"
EndProject
Project("{FAE04EC0-301F-11D3-BF4B-00C04F79EFBC}") = "Microsoft.MixedReality.Toolkit.Providers.WindowsMixedReality.Editor", "Microsoft.MixedReality.Toolkit.Providers.WindowsMixedReality.Editor.csproj", "{5A4B1896-FEA7-CE20-B34C-2F8774BE2A5E}"
EndProject
Project("{FAE04EC0-301F-11D3-BF4B-00C04F79EFBC}") = "Unity.ProBuilder.AssetIdRemapUtility", "Unity.ProBuilder.AssetIdRemapUtility.csproj", "{5E7C06FF-C6C8-FD21-AAA4-C77919684843}"
EndProject
Project("{FAE04EC0-301F-11D3-BF4B-00C04F79EFBC}") = "Unity.XR.OpenXR.Features.RuntimeDebugger.Editor", "Unity.XR.OpenXR.Features.RuntimeDebugger.Editor.csproj", "{25261E0C-E125-4ABF-620B-C7C0527CF1E6}"
EndProject
Project("{FAE04EC0-301F-11D3-BF4B-00C04F79EFBC}") = "Microsoft.MixedReality.Toolkit.Tools", "Microsoft.MixedReality.Toolkit.Tools.csproj", "{B28CE261-A213-F919-408A-3C473712DA3C}"
EndProject
Project("{FAE04EC0-301F-11D3-BF4B-00C04F79EFBC}") = "Microsoft.MixedReality.Toolkit.StandardAssets.Editor", "Microsoft.MixedReality.Toolkit.StandardAssets.Editor.csproj", "{3180C0BC-9A7E-B055-7341-5D7D87B2656F}"
EndProject
Project("{FAE04EC0-301F-11D3-BF4B-00C04F79EFBC}") = "Microsoft.MixedReality.Toolkit.Gltf.Importers", "Microsoft.MixedReality.Toolkit.Gltf.Importers.csproj", "{D2B8B743-6EFA-757A-AC85-B66E34715260}"
EndProject
Project("{FAE04EC0-301F-11D3-BF4B-00C04F79EFBC}") = "Unity.XR.OpenXR.Features.MetaQuestSupport.Editor", "Unity.XR.OpenXR.Features.MetaQuestSupport.Editor.csproj", "{6ECB0C80-2E10-AAB4-4084-ABE04F765CC3}"
EndProject
Project("{FAE04EC0-301F-11D3-BF4B-00C04F79EFBC}") = "Microsoft.MixedReality.Toolkit.SDK.Experimental.Editor.Interactive", "Microsoft.MixedReality.Toolkit.SDK.Experimental.Editor.Interactive.csproj", "{78B7A9DD-0E58-E3CF-7A4E-51A57B34810B}"
EndProject
Project("{FAE04EC0-301F-11D3-BF4B-00C04F79EFBC}") = "Microsoft.MixedReality.Toolkit.Extensions.Tracking.Editor", "Microsoft.MixedReality.Toolkit.Extensions.Tracking.Editor.csproj", "{7B8DDE95-2B6D-2B01-53BF-AF84B4F37EC1}"
EndProject
Project("{FAE04EC0-301F-11D3-BF4B-00C04F79EFBC}") = "Microsoft.MixedReality.Toolkit.Services.InputSimulation.Editor", "Microsoft.MixedReality.Toolkit.Services.InputSimulation.Editor.csproj", "{C98E7976-48D4-FCC9-8BFA-CD927646AFE3}"
EndProject
Project("{FAE04EC0-301F-11D3-BF4B-00C04F79EFBC}") = "Microsoft.MixedReality.Toolkit.Providers.WindowsSceneUnderstanding.Editor", "Microsoft.MixedReality.Toolkit.Providers.WindowsSceneUnderstanding.Editor.csproj", "{51B18B49-A024-FCA9-A50E-AD4FA2F7ED0E}"
EndProject
Project("{FAE04EC0-301F-11D3-BF4B-00C04F79EFBC}") = "Unity.TestTools.CodeCoverage.Editor.OpenCover.Mono.Reflection", "Unity.TestTools.CodeCoverage.Editor.OpenCover.Mono.Reflection.csproj", "{857FEE6C-660B-5559-1FB4-1C233B0C3402}"
EndProject
Project("{FAE04EC0-301F-11D3-BF4B-00C04F79EFBC}") = "Microsoft.MixedReality.OpenXR.Editor", "Microsoft.MixedReality.OpenXR.Editor.csproj", "{06CFCC7B-BC10-8865-35B0-5C3B1EC69393}"
EndProject
Project("{FAE04EC0-301F-11D3-BF4B-00C04F79EFBC}") = "Microsoft.MixedReality.Toolkit.Demos.InspectorFields.Inspectors", "Microsoft.MixedReality.Toolkit.Demos.InspectorFields.Inspectors.csproj", "{2B9CB700-CCC2-4361-A607-C9A413C030DA}"
EndProject
Project("{FAE04EC0-301F-11D3-BF4B-00C04F79EFBC}") = "Microsoft.ObjectAnchors.Initializer.Editor", "Microsoft.ObjectAnchors.Initializer.Editor.csproj", "{235843BD-3BB4-B6F3-02CE-B50820EE17B0}"
EndProject
Project("{FAE04EC0-301F-11D3-BF4B-00C04F79EFBC}") = "Unity.ProBuilder.AddOns.Editor", "Unity.ProBuilder.AddOns.Editor.csproj", "{083E4F36-C9D3-0C0E-83B5-BF9BB0079F16}"
EndProject
Project("{FAE04EC0-301F-11D3-BF4B-00C04F79EFBC}") = "Microsoft.MixedReality.Toolkit.SDK.Experimental.Editor", "Microsoft.MixedReality.Toolkit.SDK.Experimental.Editor.csproj", "{F94A944A-9578-7FEA-DCEC-6EB0CC1AD0C6}"
EndProject
Project("{FAE04EC0-301F-11D3-BF4B-00C04F79EFBC}") = "Unity.EditorCoroutines.Editor", "Unity.EditorCoroutines.Editor.csproj", "{78DE0076-664A-6F21-4F67-C5EFEE6D7F7F}"
EndProject
Project("{FAE04EC0-301F-11D3-BF4B-00C04F79EFBC}") = "Microsoft.MixedReality.Toolkit.Providers.XRSDK.Oculus.Handtracking.Editor", "Microsoft.MixedReality.Toolkit.Providers.XRSDK.Oculus.Handtracking.Editor.csproj", "{BE2533A9-F36B-8929-2657-A34E98542EEA}"
EndProject
Project("{FAE04EC0-301F-11D3-BF4B-00C04F79EFBC}") = "AzureSpatialAnchors.SDK.Core.Editor", "AzureSpatialAnchors.SDK.Core.Editor.csproj", "{C7A96D73-77FE-ADE5-F4F6-66D5706F4B07}"
EndProject
Project("{FAE04EC0-301F-11D3-BF4B-00C04F79EFBC}") = "Microsoft.MixedReality.Toolkit.Providers.UnityAR.Editor", "Microsoft.MixedReality.Toolkit.Providers.UnityAR.Editor.csproj", "{D072FDEE-DC7C-8760-B737-46DDD1C34909}"
EndProject
Project("{FAE04EC0-301F-11D3-BF4B-00C04F79EFBC}") = "Assembly-CSharp-Editor", "Assembly-CSharp-Editor.csproj", "{BE0FEA14-D547-AAFA-3291-62A23FE6FABF}"
EndProject
Project("{FAE04EC0-301F-11D3-BF4B-00C04F79EFBC}") = "Microsoft.MixedReality.Toolkit.Providers.OpenXR.Editor", "Microsoft.MixedReality.Toolkit.Providers.OpenXR.Editor.csproj", "{72692475-DF97-7D8C-0995-76F17EDFC191}"
EndProject
Project("{FAE04EC0-301F-11D3-BF4B-00C04F79EFBC}") = "Autodesk.Fbx.Editor", "Autodesk.Fbx.Editor.csproj", "{9B9FCC2B-2048-CF65-6024-45B3DAC6D62F}"
EndProject
Project("{FAE04EC0-301F-11D3-BF4B-00C04F79EFBC}") = "Unity.VisualScripting.Shared.Editor", "Unity.VisualScripting.Shared.Editor.csproj", "{82CB4892-7238-3F0B-B2D1-88B2A1226C5C}"
EndProject
Project("{FAE04EC0-301F-11D3-BF4B-00C04F79EFBC}") = "Unity.InternalAPIEditorBridge.005", "Unity.InternalAPIEditorBridge.005.csproj", "{07998BC3-3F45-31AB-29CF-37523565EAC2}"
EndProject
Project("{FAE04EC0-301F-11D3-BF4B-00C04F79EFBC}") = "WorldLocking.Tools.Editor", "WorldLocking.Tools.Editor.csproj", "{7C18A8E0-2FD6-1821-E06C-BCF6A314A3EA}"
EndProject
Global
	GlobalSection(SolutionConfigurationPlatforms) = preSolution
		Debug|Any CPU = Debug|Any CPU
		Release|Any CPU = Release|Any CPU
	EndGlobalSection
	GlobalSection(ProjectConfigurationPlatforms) = postSolution
		{98891247-A731-02DA-ADDA-B1E18AADBFE6}.Debug|Any CPU.ActiveCfg = Debug|Any CPU
		{98891247-A731-02DA-ADDA-B1E18AADBFE6}.Debug|Any CPU.Build.0 = Debug|Any CPU
		{98891247-A731-02DA-ADDA-B1E18AADBFE6}.Release|Any CPU.ActiveCfg = Release|Any CPU
		{98891247-A731-02DA-ADDA-B1E18AADBFE6}.Release|Any CPU.Build.0 = Release|Any CPU
		{B518FCC3-C225-9390-7E8B-571137B19921}.Debug|Any CPU.ActiveCfg = Debug|Any CPU
		{B518FCC3-C225-9390-7E8B-571137B19921}.Debug|Any CPU.Build.0 = Debug|Any CPU
		{B518FCC3-C225-9390-7E8B-571137B19921}.Release|Any CPU.ActiveCfg = Release|Any CPU
		{B518FCC3-C225-9390-7E8B-571137B19921}.Release|Any CPU.Build.0 = Release|Any CPU
		{88EDF186-946F-28B2-356C-497A82E0D5A4}.Debug|Any CPU.ActiveCfg = Debug|Any CPU
		{88EDF186-946F-28B2-356C-497A82E0D5A4}.Debug|Any CPU.Build.0 = Debug|Any CPU
		{88EDF186-946F-28B2-356C-497A82E0D5A4}.Release|Any CPU.ActiveCfg = Release|Any CPU
		{88EDF186-946F-28B2-356C-497A82E0D5A4}.Release|Any CPU.Build.0 = Release|Any CPU
		{55C044BC-D9B7-514A-D504-448C43FA60EF}.Debug|Any CPU.ActiveCfg = Debug|Any CPU
		{55C044BC-D9B7-514A-D504-448C43FA60EF}.Debug|Any CPU.Build.0 = Debug|Any CPU
		{55C044BC-D9B7-514A-D504-448C43FA60EF}.Release|Any CPU.ActiveCfg = Release|Any CPU
		{55C044BC-D9B7-514A-D504-448C43FA60EF}.Release|Any CPU.Build.0 = Release|Any CPU
		{3684EF3E-4292-389F-4799-09395AAF59D1}.Debug|Any CPU.ActiveCfg = Debug|Any CPU
		{3684EF3E-4292-389F-4799-09395AAF59D1}.Debug|Any CPU.Build.0 = Debug|Any CPU
		{3684EF3E-4292-389F-4799-09395AAF59D1}.Release|Any CPU.ActiveCfg = Release|Any CPU
		{3684EF3E-4292-389F-4799-09395AAF59D1}.Release|Any CPU.Build.0 = Release|Any CPU
		{E312CAB9-B60F-971E-28E5-D976AC8C4133}.Debug|Any CPU.ActiveCfg = Debug|Any CPU
		{E312CAB9-B60F-971E-28E5-D976AC8C4133}.Debug|Any CPU.Build.0 = Debug|Any CPU
		{E312CAB9-B60F-971E-28E5-D976AC8C4133}.Release|Any CPU.ActiveCfg = Release|Any CPU
		{E312CAB9-B60F-971E-28E5-D976AC8C4133}.Release|Any CPU.Build.0 = Release|Any CPU
		{275AEAF8-6F1F-476B-8B0D-33B8E324B80E}.Debug|Any CPU.ActiveCfg = Debug|Any CPU
		{275AEAF8-6F1F-476B-8B0D-33B8E324B80E}.Debug|Any CPU.Build.0 = Debug|Any CPU
		{275AEAF8-6F1F-476B-8B0D-33B8E324B80E}.Release|Any CPU.ActiveCfg = Release|Any CPU
		{275AEAF8-6F1F-476B-8B0D-33B8E324B80E}.Release|Any CPU.Build.0 = Release|Any CPU
		{ABF9B346-0D3F-1011-2AF9-2834BABDBC73}.Debug|Any CPU.ActiveCfg = Debug|Any CPU
		{ABF9B346-0D3F-1011-2AF9-2834BABDBC73}.Debug|Any CPU.Build.0 = Debug|Any CPU
		{ABF9B346-0D3F-1011-2AF9-2834BABDBC73}.Release|Any CPU.ActiveCfg = Release|Any CPU
		{ABF9B346-0D3F-1011-2AF9-2834BABDBC73}.Release|Any CPU.Build.0 = Release|Any CPU
		{60C8F370-94C3-55C7-B5BF-73132C4CF129}.Debug|Any CPU.ActiveCfg = Debug|Any CPU
		{60C8F370-94C3-55C7-B5BF-73132C4CF129}.Debug|Any CPU.Build.0 = Debug|Any CPU
		{60C8F370-94C3-55C7-B5BF-73132C4CF129}.Release|Any CPU.ActiveCfg = Release|Any CPU
		{60C8F370-94C3-55C7-B5BF-73132C4CF129}.Release|Any CPU.Build.0 = Release|Any CPU
		{E026D731-9E88-619B-F7E6-4942C969CA92}.Debug|Any CPU.ActiveCfg = Debug|Any CPU
		{E026D731-9E88-619B-F7E6-4942C969CA92}.Debug|Any CPU.Build.0 = Debug|Any CPU
		{E026D731-9E88-619B-F7E6-4942C969CA92}.Release|Any CPU.ActiveCfg = Release|Any CPU
		{E026D731-9E88-619B-F7E6-4942C969CA92}.Release|Any CPU.Build.0 = Release|Any CPU
		{C940DAA1-FC94-61FB-D0C4-CFFCCB5733D2}.Debug|Any CPU.ActiveCfg = Debug|Any CPU
		{C940DAA1-FC94-61FB-D0C4-CFFCCB5733D2}.Debug|Any CPU.Build.0 = Debug|Any CPU
		{C940DAA1-FC94-61FB-D0C4-CFFCCB5733D2}.Release|Any CPU.ActiveCfg = Release|Any CPU
		{C940DAA1-FC94-61FB-D0C4-CFFCCB5733D2}.Release|Any CPU.Build.0 = Release|Any CPU
		{59C3E99F-6169-F0C5-3182-251E64F74E7E}.Debug|Any CPU.ActiveCfg = Debug|Any CPU
		{59C3E99F-6169-F0C5-3182-251E64F74E7E}.Debug|Any CPU.Build.0 = Debug|Any CPU
		{59C3E99F-6169-F0C5-3182-251E64F74E7E}.Release|Any CPU.ActiveCfg = Release|Any CPU
		{59C3E99F-6169-F0C5-3182-251E64F74E7E}.Release|Any CPU.Build.0 = Release|Any CPU
		{6F2A5531-06D5-9EB5-8250-D46AE514E6F0}.Debug|Any CPU.ActiveCfg = Debug|Any CPU
		{6F2A5531-06D5-9EB5-8250-D46AE514E6F0}.Debug|Any CPU.Build.0 = Debug|Any CPU
		{6F2A5531-06D5-9EB5-8250-D46AE514E6F0}.Release|Any CPU.ActiveCfg = Release|Any CPU
		{6F2A5531-06D5-9EB5-8250-D46AE514E6F0}.Release|Any CPU.Build.0 = Release|Any CPU
		{B2D26B73-3585-971B-4CAF-A629841A93A6}.Debug|Any CPU.ActiveCfg = Debug|Any CPU
		{B2D26B73-3585-971B-4CAF-A629841A93A6}.Debug|Any CPU.Build.0 = Debug|Any CPU
		{B2D26B73-3585-971B-4CAF-A629841A93A6}.Release|Any CPU.ActiveCfg = Release|Any CPU
		{B2D26B73-3585-971B-4CAF-A629841A93A6}.Release|Any CPU.Build.0 = Release|Any CPU
		{CE5473B7-3D2E-B895-164B-D725F9CE9FAF}.Debug|Any CPU.ActiveCfg = Debug|Any CPU
		{CE5473B7-3D2E-B895-164B-D725F9CE9FAF}.Debug|Any CPU.Build.0 = Debug|Any CPU
		{CE5473B7-3D2E-B895-164B-D725F9CE9FAF}.Release|Any CPU.ActiveCfg = Release|Any CPU
		{CE5473B7-3D2E-B895-164B-D725F9CE9FAF}.Release|Any CPU.Build.0 = Release|Any CPU
		{700464C6-ED10-1F0F-9842-44F03D38141D}.Debug|Any CPU.ActiveCfg = Debug|Any CPU
		{700464C6-ED10-1F0F-9842-44F03D38141D}.Debug|Any CPU.Build.0 = Debug|Any CPU
		{700464C6-ED10-1F0F-9842-44F03D38141D}.Release|Any CPU.ActiveCfg = Release|Any CPU
		{700464C6-ED10-1F0F-9842-44F03D38141D}.Release|Any CPU.Build.0 = Release|Any CPU
		{3AFA2506-6E30-7A77-4647-0B5BF0773067}.Debug|Any CPU.ActiveCfg = Debug|Any CPU
		{3AFA2506-6E30-7A77-4647-0B5BF0773067}.Debug|Any CPU.Build.0 = Debug|Any CPU
		{3AFA2506-6E30-7A77-4647-0B5BF0773067}.Release|Any CPU.ActiveCfg = Release|Any CPU
		{3AFA2506-6E30-7A77-4647-0B5BF0773067}.Release|Any CPU.Build.0 = Release|Any CPU
		{6BDB0A16-C332-8833-2037-1C5016ECF9D1}.Debug|Any CPU.ActiveCfg = Debug|Any CPU
		{6BDB0A16-C332-8833-2037-1C5016ECF9D1}.Debug|Any CPU.Build.0 = Debug|Any CPU
		{6BDB0A16-C332-8833-2037-1C5016ECF9D1}.Release|Any CPU.ActiveCfg = Release|Any CPU
		{6BDB0A16-C332-8833-2037-1C5016ECF9D1}.Release|Any CPU.Build.0 = Release|Any CPU
		{D0ED9806-C9E8-A733-63D3-277C2F299805}.Debug|Any CPU.ActiveCfg = Debug|Any CPU
		{D0ED9806-C9E8-A733-63D3-277C2F299805}.Debug|Any CPU.Build.0 = Debug|Any CPU
		{D0ED9806-C9E8-A733-63D3-277C2F299805}.Release|Any CPU.ActiveCfg = Release|Any CPU
		{D0ED9806-C9E8-A733-63D3-277C2F299805}.Release|Any CPU.Build.0 = Release|Any CPU
		{046BBF87-2B3B-5387-A999-C23CE6624F4A}.Debug|Any CPU.ActiveCfg = Debug|Any CPU
		{046BBF87-2B3B-5387-A999-C23CE6624F4A}.Debug|Any CPU.Build.0 = Debug|Any CPU
		{046BBF87-2B3B-5387-A999-C23CE6624F4A}.Release|Any CPU.ActiveCfg = Release|Any CPU
		{046BBF87-2B3B-5387-A999-C23CE6624F4A}.Release|Any CPU.Build.0 = Release|Any CPU
		{440E8BB0-322B-F54C-3521-0495ECDEE439}.Debug|Any CPU.ActiveCfg = Debug|Any CPU
		{440E8BB0-322B-F54C-3521-0495ECDEE439}.Debug|Any CPU.Build.0 = Debug|Any CPU
		{440E8BB0-322B-F54C-3521-0495ECDEE439}.Release|Any CPU.ActiveCfg = Release|Any CPU
		{440E8BB0-322B-F54C-3521-0495ECDEE439}.Release|Any CPU.Build.0 = Release|Any CPU
		{AC39BB55-60AC-594A-F41F-D7FBF8F6EE1E}.Debug|Any CPU.ActiveCfg = Debug|Any CPU
		{AC39BB55-60AC-594A-F41F-D7FBF8F6EE1E}.Debug|Any CPU.Build.0 = Debug|Any CPU
		{AC39BB55-60AC-594A-F41F-D7FBF8F6EE1E}.Release|Any CPU.ActiveCfg = Release|Any CPU
		{AC39BB55-60AC-594A-F41F-D7FBF8F6EE1E}.Release|Any CPU.Build.0 = Release|Any CPU
		{C48CEB3B-C234-572D-B2E5-D4F6F5D8C8F2}.Debug|Any CPU.ActiveCfg = Debug|Any CPU
		{C48CEB3B-C234-572D-B2E5-D4F6F5D8C8F2}.Debug|Any CPU.Build.0 = Debug|Any CPU
		{C48CEB3B-C234-572D-B2E5-D4F6F5D8C8F2}.Release|Any CPU.ActiveCfg = Release|Any CPU
		{C48CEB3B-C234-572D-B2E5-D4F6F5D8C8F2}.Release|Any CPU.Build.0 = Release|Any CPU
		{E6D7E56B-9810-A7A0-EEDA-E87E4257F3DE}.Debug|Any CPU.ActiveCfg = Debug|Any CPU
		{E6D7E56B-9810-A7A0-EEDA-E87E4257F3DE}.Debug|Any CPU.Build.0 = Debug|Any CPU
		{E6D7E56B-9810-A7A0-EEDA-E87E4257F3DE}.Release|Any CPU.ActiveCfg = Release|Any CPU
		{E6D7E56B-9810-A7A0-EEDA-E87E4257F3DE}.Release|Any CPU.Build.0 = Release|Any CPU
		{0A0F5318-C793-94D4-007A-690C9003FDF8}.Debug|Any CPU.ActiveCfg = Debug|Any CPU
		{0A0F5318-C793-94D4-007A-690C9003FDF8}.Debug|Any CPU.Build.0 = Debug|Any CPU
		{0A0F5318-C793-94D4-007A-690C9003FDF8}.Release|Any CPU.ActiveCfg = Release|Any CPU
		{0A0F5318-C793-94D4-007A-690C9003FDF8}.Release|Any CPU.Build.0 = Release|Any CPU
		{909AB2B6-C7F2-2A2D-9797-321383306E41}.Debug|Any CPU.ActiveCfg = Debug|Any CPU
		{909AB2B6-C7F2-2A2D-9797-321383306E41}.Debug|Any CPU.Build.0 = Debug|Any CPU
		{909AB2B6-C7F2-2A2D-9797-321383306E41}.Release|Any CPU.ActiveCfg = Release|Any CPU
		{909AB2B6-C7F2-2A2D-9797-321383306E41}.Release|Any CPU.Build.0 = Release|Any CPU
		{440B5E14-0894-BA33-7D03-5FE9F028A0ED}.Debug|Any CPU.ActiveCfg = Debug|Any CPU
		{440B5E14-0894-BA33-7D03-5FE9F028A0ED}.Debug|Any CPU.Build.0 = Debug|Any CPU
		{440B5E14-0894-BA33-7D03-5FE9F028A0ED}.Release|Any CPU.ActiveCfg = Release|Any CPU
		{440B5E14-0894-BA33-7D03-5FE9F028A0ED}.Release|Any CPU.Build.0 = Release|Any CPU
		{364577E7-03B5-909E-7521-FDB8FC79A034}.Debug|Any CPU.ActiveCfg = Debug|Any CPU
		{364577E7-03B5-909E-7521-FDB8FC79A034}.Debug|Any CPU.Build.0 = Debug|Any CPU
		{364577E7-03B5-909E-7521-FDB8FC79A034}.Release|Any CPU.ActiveCfg = Release|Any CPU
		{364577E7-03B5-909E-7521-FDB8FC79A034}.Release|Any CPU.Build.0 = Release|Any CPU
		{65EC5D47-F4AB-8F94-659A-1FBF8B46D2DF}.Debug|Any CPU.ActiveCfg = Debug|Any CPU
		{65EC5D47-F4AB-8F94-659A-1FBF8B46D2DF}.Debug|Any CPU.Build.0 = Debug|Any CPU
		{65EC5D47-F4AB-8F94-659A-1FBF8B46D2DF}.Release|Any CPU.ActiveCfg = Release|Any CPU
		{65EC5D47-F4AB-8F94-659A-1FBF8B46D2DF}.Release|Any CPU.Build.0 = Release|Any CPU
		{0CD3F48F-4621-133A-ABB0-FB061165A627}.Debug|Any CPU.ActiveCfg = Debug|Any CPU
		{0CD3F48F-4621-133A-ABB0-FB061165A627}.Debug|Any CPU.Build.0 = Debug|Any CPU
		{0CD3F48F-4621-133A-ABB0-FB061165A627}.Release|Any CPU.ActiveCfg = Release|Any CPU
		{0CD3F48F-4621-133A-ABB0-FB061165A627}.Release|Any CPU.Build.0 = Release|Any CPU
		{09859FA7-3AF1-8EEC-68AB-CFD3222F4EC1}.Debug|Any CPU.ActiveCfg = Debug|Any CPU
		{09859FA7-3AF1-8EEC-68AB-CFD3222F4EC1}.Debug|Any CPU.Build.0 = Debug|Any CPU
		{09859FA7-3AF1-8EEC-68AB-CFD3222F4EC1}.Release|Any CPU.ActiveCfg = Release|Any CPU
		{09859FA7-3AF1-8EEC-68AB-CFD3222F4EC1}.Release|Any CPU.Build.0 = Release|Any CPU
		{8F12AC08-2A2E-601A-0444-2AD5F8E4018E}.Debug|Any CPU.ActiveCfg = Debug|Any CPU
		{8F12AC08-2A2E-601A-0444-2AD5F8E4018E}.Debug|Any CPU.Build.0 = Debug|Any CPU
		{8F12AC08-2A2E-601A-0444-2AD5F8E4018E}.Release|Any CPU.ActiveCfg = Release|Any CPU
		{8F12AC08-2A2E-601A-0444-2AD5F8E4018E}.Release|Any CPU.Build.0 = Release|Any CPU
		{9A461973-CC54-7F45-8372-CF8F3864F693}.Debug|Any CPU.ActiveCfg = Debug|Any CPU
		{9A461973-CC54-7F45-8372-CF8F3864F693}.Debug|Any CPU.Build.0 = Debug|Any CPU
		{9A461973-CC54-7F45-8372-CF8F3864F693}.Release|Any CPU.ActiveCfg = Release|Any CPU
		{9A461973-CC54-7F45-8372-CF8F3864F693}.Release|Any CPU.Build.0 = Release|Any CPU
		{43FA680C-E7CF-0DAB-ACF1-CBB382952781}.Debug|Any CPU.ActiveCfg = Debug|Any CPU
		{43FA680C-E7CF-0DAB-ACF1-CBB382952781}.Debug|Any CPU.Build.0 = Debug|Any CPU
		{43FA680C-E7CF-0DAB-ACF1-CBB382952781}.Release|Any CPU.ActiveCfg = Release|Any CPU
		{43FA680C-E7CF-0DAB-ACF1-CBB382952781}.Release|Any CPU.Build.0 = Release|Any CPU
		{FC178392-BE7F-0401-127F-DCE4D8A0E2ED}.Debug|Any CPU.ActiveCfg = Debug|Any CPU
		{FC178392-BE7F-0401-127F-DCE4D8A0E2ED}.Debug|Any CPU.Build.0 = Debug|Any CPU
		{FC178392-BE7F-0401-127F-DCE4D8A0E2ED}.Release|Any CPU.ActiveCfg = Release|Any CPU
		{FC178392-BE7F-0401-127F-DCE4D8A0E2ED}.Release|Any CPU.Build.0 = Release|Any CPU
		{926EA8CE-CC45-1128-BCAF-243E7650369F}.Debug|Any CPU.ActiveCfg = Debug|Any CPU
		{926EA8CE-CC45-1128-BCAF-243E7650369F}.Debug|Any CPU.Build.0 = Debug|Any CPU
		{926EA8CE-CC45-1128-BCAF-243E7650369F}.Release|Any CPU.ActiveCfg = Release|Any CPU
		{926EA8CE-CC45-1128-BCAF-243E7650369F}.Release|Any CPU.Build.0 = Release|Any CPU
		{8741C1BF-60AE-1E4E-450C-068B56B990B7}.Debug|Any CPU.ActiveCfg = Debug|Any CPU
		{8741C1BF-60AE-1E4E-450C-068B56B990B7}.Debug|Any CPU.Build.0 = Debug|Any CPU
		{8741C1BF-60AE-1E4E-450C-068B56B990B7}.Release|Any CPU.ActiveCfg = Release|Any CPU
		{8741C1BF-60AE-1E4E-450C-068B56B990B7}.Release|Any CPU.Build.0 = Release|Any CPU
		{8AAC44CF-A4CB-EC92-5E5E-CF9C64C4DD7E}.Debug|Any CPU.ActiveCfg = Debug|Any CPU
		{8AAC44CF-A4CB-EC92-5E5E-CF9C64C4DD7E}.Debug|Any CPU.Build.0 = Debug|Any CPU
		{8AAC44CF-A4CB-EC92-5E5E-CF9C64C4DD7E}.Release|Any CPU.ActiveCfg = Release|Any CPU
		{8AAC44CF-A4CB-EC92-5E5E-CF9C64C4DD7E}.Release|Any CPU.Build.0 = Release|Any CPU
		{B069F9F3-3905-C259-C10A-9069DBA1BAAC}.Debug|Any CPU.ActiveCfg = Debug|Any CPU
		{B069F9F3-3905-C259-C10A-9069DBA1BAAC}.Debug|Any CPU.Build.0 = Debug|Any CPU
		{B069F9F3-3905-C259-C10A-9069DBA1BAAC}.Release|Any CPU.ActiveCfg = Release|Any CPU
		{B069F9F3-3905-C259-C10A-9069DBA1BAAC}.Release|Any CPU.Build.0 = Release|Any CPU
		{2B50FE6D-3ACC-1C82-CE7B-642B3DC7437E}.Debug|Any CPU.ActiveCfg = Debug|Any CPU
		{2B50FE6D-3ACC-1C82-CE7B-642B3DC7437E}.Debug|Any CPU.Build.0 = Debug|Any CPU
		{2B50FE6D-3ACC-1C82-CE7B-642B3DC7437E}.Release|Any CPU.ActiveCfg = Release|Any CPU
		{2B50FE6D-3ACC-1C82-CE7B-642B3DC7437E}.Release|Any CPU.Build.0 = Release|Any CPU
		{D486017C-8A15-FDAE-7BE3-71E1EBB9CD2B}.Debug|Any CPU.ActiveCfg = Debug|Any CPU
		{D486017C-8A15-FDAE-7BE3-71E1EBB9CD2B}.Debug|Any CPU.Build.0 = Debug|Any CPU
		{D486017C-8A15-FDAE-7BE3-71E1EBB9CD2B}.Release|Any CPU.ActiveCfg = Release|Any CPU
		{D486017C-8A15-FDAE-7BE3-71E1EBB9CD2B}.Release|Any CPU.Build.0 = Release|Any CPU
		{A5CDC873-9DDE-33D7-A5D7-37089F1D3DB7}.Debug|Any CPU.ActiveCfg = Debug|Any CPU
		{A5CDC873-9DDE-33D7-A5D7-37089F1D3DB7}.Debug|Any CPU.Build.0 = Debug|Any CPU
		{A5CDC873-9DDE-33D7-A5D7-37089F1D3DB7}.Release|Any CPU.ActiveCfg = Release|Any CPU
		{A5CDC873-9DDE-33D7-A5D7-37089F1D3DB7}.Release|Any CPU.Build.0 = Release|Any CPU
		{8AB9C3A3-CFC7-7A87-32B1-715D50C6FD44}.Debug|Any CPU.ActiveCfg = Debug|Any CPU
		{8AB9C3A3-CFC7-7A87-32B1-715D50C6FD44}.Debug|Any CPU.Build.0 = Debug|Any CPU
		{8AB9C3A3-CFC7-7A87-32B1-715D50C6FD44}.Release|Any CPU.ActiveCfg = Release|Any CPU
		{8AB9C3A3-CFC7-7A87-32B1-715D50C6FD44}.Release|Any CPU.Build.0 = Release|Any CPU
		{B199CFC6-7271-4B21-8051-9296CDF4F07B}.Debug|Any CPU.ActiveCfg = Debug|Any CPU
		{B199CFC6-7271-4B21-8051-9296CDF4F07B}.Debug|Any CPU.Build.0 = Debug|Any CPU
		{B199CFC6-7271-4B21-8051-9296CDF4F07B}.Release|Any CPU.ActiveCfg = Release|Any CPU
		{B199CFC6-7271-4B21-8051-9296CDF4F07B}.Release|Any CPU.Build.0 = Release|Any CPU
		{D92E9A48-C709-D908-AFF4-BF287A3EC37F}.Debug|Any CPU.ActiveCfg = Debug|Any CPU
		{D92E9A48-C709-D908-AFF4-BF287A3EC37F}.Debug|Any CPU.Build.0 = Debug|Any CPU
		{D92E9A48-C709-D908-AFF4-BF287A3EC37F}.Release|Any CPU.ActiveCfg = Release|Any CPU
		{D92E9A48-C709-D908-AFF4-BF287A3EC37F}.Release|Any CPU.Build.0 = Release|Any CPU
		{6DCDE13A-E779-B7B0-38ED-B343537753E3}.Debug|Any CPU.ActiveCfg = Debug|Any CPU
		{6DCDE13A-E779-B7B0-38ED-B343537753E3}.Debug|Any CPU.Build.0 = Debug|Any CPU
		{6DCDE13A-E779-B7B0-38ED-B343537753E3}.Release|Any CPU.ActiveCfg = Release|Any CPU
		{6DCDE13A-E779-B7B0-38ED-B343537753E3}.Release|Any CPU.Build.0 = Release|Any CPU
		{CFEC956E-7518-2EC1-9F92-8842D61B7568}.Debug|Any CPU.ActiveCfg = Debug|Any CPU
		{CFEC956E-7518-2EC1-9F92-8842D61B7568}.Debug|Any CPU.Build.0 = Debug|Any CPU
		{CFEC956E-7518-2EC1-9F92-8842D61B7568}.Release|Any CPU.ActiveCfg = Release|Any CPU
		{CFEC956E-7518-2EC1-9F92-8842D61B7568}.Release|Any CPU.Build.0 = Release|Any CPU
		{A245ADCD-3F3E-1E49-627A-FF11E3BBD31E}.Debug|Any CPU.ActiveCfg = Debug|Any CPU
		{A245ADCD-3F3E-1E49-627A-FF11E3BBD31E}.Debug|Any CPU.Build.0 = Debug|Any CPU
		{A245ADCD-3F3E-1E49-627A-FF11E3BBD31E}.Release|Any CPU.ActiveCfg = Release|Any CPU
		{A245ADCD-3F3E-1E49-627A-FF11E3BBD31E}.Release|Any CPU.Build.0 = Release|Any CPU
		{72ED2B3B-2185-67B9-39B6-2F4AF25022FD}.Debug|Any CPU.ActiveCfg = Debug|Any CPU
		{72ED2B3B-2185-67B9-39B6-2F4AF25022FD}.Debug|Any CPU.Build.0 = Debug|Any CPU
		{72ED2B3B-2185-67B9-39B6-2F4AF25022FD}.Release|Any CPU.ActiveCfg = Release|Any CPU
		{72ED2B3B-2185-67B9-39B6-2F4AF25022FD}.Release|Any CPU.Build.0 = Release|Any CPU
		{9574B0B2-7EE9-4C6D-7A6A-EB79395C4CDC}.Debug|Any CPU.ActiveCfg = Debug|Any CPU
		{9574B0B2-7EE9-4C6D-7A6A-EB79395C4CDC}.Debug|Any CPU.Build.0 = Debug|Any CPU
		{9574B0B2-7EE9-4C6D-7A6A-EB79395C4CDC}.Release|Any CPU.ActiveCfg = Release|Any CPU
		{9574B0B2-7EE9-4C6D-7A6A-EB79395C4CDC}.Release|Any CPU.Build.0 = Release|Any CPU
		{BA9B6EE5-5A7C-88FF-8FA3-49BB2344DE55}.Debug|Any CPU.ActiveCfg = Debug|Any CPU
		{BA9B6EE5-5A7C-88FF-8FA3-49BB2344DE55}.Debug|Any CPU.Build.0 = Debug|Any CPU
		{BA9B6EE5-5A7C-88FF-8FA3-49BB2344DE55}.Release|Any CPU.ActiveCfg = Release|Any CPU
		{BA9B6EE5-5A7C-88FF-8FA3-49BB2344DE55}.Release|Any CPU.Build.0 = Release|Any CPU
		{31B98F09-C54C-689F-8750-02212B7A8553}.Debug|Any CPU.ActiveCfg = Debug|Any CPU
		{31B98F09-C54C-689F-8750-02212B7A8553}.Debug|Any CPU.Build.0 = Debug|Any CPU
		{31B98F09-C54C-689F-8750-02212B7A8553}.Release|Any CPU.ActiveCfg = Release|Any CPU
		{31B98F09-C54C-689F-8750-02212B7A8553}.Release|Any CPU.Build.0 = Release|Any CPU
		{BE601C99-D22D-D9B9-2D96-5385409BB39F}.Debug|Any CPU.ActiveCfg = Debug|Any CPU
		{BE601C99-D22D-D9B9-2D96-5385409BB39F}.Debug|Any CPU.Build.0 = Debug|Any CPU
		{BE601C99-D22D-D9B9-2D96-5385409BB39F}.Release|Any CPU.ActiveCfg = Release|Any CPU
		{BE601C99-D22D-D9B9-2D96-5385409BB39F}.Release|Any CPU.Build.0 = Release|Any CPU
		{F0B2EEA3-2258-BC27-E5AA-C954D8421C67}.Debug|Any CPU.ActiveCfg = Debug|Any CPU
		{F0B2EEA3-2258-BC27-E5AA-C954D8421C67}.Debug|Any CPU.Build.0 = Debug|Any CPU
		{F0B2EEA3-2258-BC27-E5AA-C954D8421C67}.Release|Any CPU.ActiveCfg = Release|Any CPU
		{F0B2EEA3-2258-BC27-E5AA-C954D8421C67}.Release|Any CPU.Build.0 = Release|Any CPU
		{C90726B9-B46B-B446-4C7A-AC4B69DB8BDC}.Debug|Any CPU.ActiveCfg = Debug|Any CPU
		{C90726B9-B46B-B446-4C7A-AC4B69DB8BDC}.Debug|Any CPU.Build.0 = Debug|Any CPU
		{C90726B9-B46B-B446-4C7A-AC4B69DB8BDC}.Release|Any CPU.ActiveCfg = Release|Any CPU
		{C90726B9-B46B-B446-4C7A-AC4B69DB8BDC}.Release|Any CPU.Build.0 = Release|Any CPU
		{359F7876-ABC4-C820-3FD6-8B7E4CBDAF5F}.Debug|Any CPU.ActiveCfg = Debug|Any CPU
		{359F7876-ABC4-C820-3FD6-8B7E4CBDAF5F}.Debug|Any CPU.Build.0 = Debug|Any CPU
		{359F7876-ABC4-C820-3FD6-8B7E4CBDAF5F}.Release|Any CPU.ActiveCfg = Release|Any CPU
		{359F7876-ABC4-C820-3FD6-8B7E4CBDAF5F}.Release|Any CPU.Build.0 = Release|Any CPU
		{6452B13A-BA70-D17F-12A7-0F3F5B9D4B33}.Debug|Any CPU.ActiveCfg = Debug|Any CPU
		{6452B13A-BA70-D17F-12A7-0F3F5B9D4B33}.Debug|Any CPU.Build.0 = Debug|Any CPU
		{6452B13A-BA70-D17F-12A7-0F3F5B9D4B33}.Release|Any CPU.ActiveCfg = Release|Any CPU
		{6452B13A-BA70-D17F-12A7-0F3F5B9D4B33}.Release|Any CPU.Build.0 = Release|Any CPU
		{D8979891-1355-685B-09B1-ECC160D064B1}.Debug|Any CPU.ActiveCfg = Debug|Any CPU
		{D8979891-1355-685B-09B1-ECC160D064B1}.Debug|Any CPU.Build.0 = Debug|Any CPU
		{D8979891-1355-685B-09B1-ECC160D064B1}.Release|Any CPU.ActiveCfg = Release|Any CPU
		{D8979891-1355-685B-09B1-ECC160D064B1}.Release|Any CPU.Build.0 = Release|Any CPU
		{C7303F3E-8949-C658-EC1B-B16F697FAA2B}.Debug|Any CPU.ActiveCfg = Debug|Any CPU
		{C7303F3E-8949-C658-EC1B-B16F697FAA2B}.Debug|Any CPU.Build.0 = Debug|Any CPU
		{C7303F3E-8949-C658-EC1B-B16F697FAA2B}.Release|Any CPU.ActiveCfg = Release|Any CPU
		{C7303F3E-8949-C658-EC1B-B16F697FAA2B}.Release|Any CPU.Build.0 = Release|Any CPU
		{5C096F3E-1113-23DE-B555-C2E02753DBF2}.Debug|Any CPU.ActiveCfg = Debug|Any CPU
		{5C096F3E-1113-23DE-B555-C2E02753DBF2}.Debug|Any CPU.Build.0 = Debug|Any CPU
		{5C096F3E-1113-23DE-B555-C2E02753DBF2}.Release|Any CPU.ActiveCfg = Release|Any CPU
		{5C096F3E-1113-23DE-B555-C2E02753DBF2}.Release|Any CPU.Build.0 = Release|Any CPU
		{115429DD-0BD7-DED8-C7E0-108F285B3639}.Debug|Any CPU.ActiveCfg = Debug|Any CPU
		{115429DD-0BD7-DED8-C7E0-108F285B3639}.Debug|Any CPU.Build.0 = Debug|Any CPU
		{115429DD-0BD7-DED8-C7E0-108F285B3639}.Release|Any CPU.ActiveCfg = Release|Any CPU
		{115429DD-0BD7-DED8-C7E0-108F285B3639}.Release|Any CPU.Build.0 = Release|Any CPU
		{508C1E3D-84B9-65B6-8CA0-591BE580C70B}.Debug|Any CPU.ActiveCfg = Debug|Any CPU
		{508C1E3D-84B9-65B6-8CA0-591BE580C70B}.Debug|Any CPU.Build.0 = Debug|Any CPU
		{508C1E3D-84B9-65B6-8CA0-591BE580C70B}.Release|Any CPU.ActiveCfg = Release|Any CPU
		{508C1E3D-84B9-65B6-8CA0-591BE580C70B}.Release|Any CPU.Build.0 = Release|Any CPU
		{C1CF7908-F8F9-B5D4-B4A7-65C825258A62}.Debug|Any CPU.ActiveCfg = Debug|Any CPU
		{C1CF7908-F8F9-B5D4-B4A7-65C825258A62}.Debug|Any CPU.Build.0 = Debug|Any CPU
		{C1CF7908-F8F9-B5D4-B4A7-65C825258A62}.Release|Any CPU.ActiveCfg = Release|Any CPU
		{C1CF7908-F8F9-B5D4-B4A7-65C825258A62}.Release|Any CPU.Build.0 = Release|Any CPU
		{D06886F0-AC0D-D537-595D-289F004AC4D3}.Debug|Any CPU.ActiveCfg = Debug|Any CPU
		{D06886F0-AC0D-D537-595D-289F004AC4D3}.Debug|Any CPU.Build.0 = Debug|Any CPU
		{D06886F0-AC0D-D537-595D-289F004AC4D3}.Release|Any CPU.ActiveCfg = Release|Any CPU
		{D06886F0-AC0D-D537-595D-289F004AC4D3}.Release|Any CPU.Build.0 = Release|Any CPU
		{29B38FDA-FE75-909E-522F-6CFF2C6BEF83}.Debug|Any CPU.ActiveCfg = Debug|Any CPU
		{29B38FDA-FE75-909E-522F-6CFF2C6BEF83}.Debug|Any CPU.Build.0 = Debug|Any CPU
		{29B38FDA-FE75-909E-522F-6CFF2C6BEF83}.Release|Any CPU.ActiveCfg = Release|Any CPU
		{29B38FDA-FE75-909E-522F-6CFF2C6BEF83}.Release|Any CPU.Build.0 = Release|Any CPU
		{33CA0C91-A589-6E33-EB93-FC04B27278FF}.Debug|Any CPU.ActiveCfg = Debug|Any CPU
		{33CA0C91-A589-6E33-EB93-FC04B27278FF}.Debug|Any CPU.Build.0 = Debug|Any CPU
		{33CA0C91-A589-6E33-EB93-FC04B27278FF}.Release|Any CPU.ActiveCfg = Release|Any CPU
		{33CA0C91-A589-6E33-EB93-FC04B27278FF}.Release|Any CPU.Build.0 = Release|Any CPU
		{2BF2675D-6FCF-3046-2BD9-615B2AC063BD}.Debug|Any CPU.ActiveCfg = Debug|Any CPU
		{2BF2675D-6FCF-3046-2BD9-615B2AC063BD}.Debug|Any CPU.Build.0 = Debug|Any CPU
		{2BF2675D-6FCF-3046-2BD9-615B2AC063BD}.Release|Any CPU.ActiveCfg = Release|Any CPU
		{2BF2675D-6FCF-3046-2BD9-615B2AC063BD}.Release|Any CPU.Build.0 = Release|Any CPU
		{0680B1A8-51AB-93D1-A177-95DBAAD70928}.Debug|Any CPU.ActiveCfg = Debug|Any CPU
		{0680B1A8-51AB-93D1-A177-95DBAAD70928}.Debug|Any CPU.Build.0 = Debug|Any CPU
		{0680B1A8-51AB-93D1-A177-95DBAAD70928}.Release|Any CPU.ActiveCfg = Release|Any CPU
		{0680B1A8-51AB-93D1-A177-95DBAAD70928}.Release|Any CPU.Build.0 = Release|Any CPU
		{8B53D86B-78CF-A192-87F3-C0D7EA8BFA09}.Debug|Any CPU.ActiveCfg = Debug|Any CPU
		{8B53D86B-78CF-A192-87F3-C0D7EA8BFA09}.Debug|Any CPU.Build.0 = Debug|Any CPU
		{8B53D86B-78CF-A192-87F3-C0D7EA8BFA09}.Release|Any CPU.ActiveCfg = Release|Any CPU
		{8B53D86B-78CF-A192-87F3-C0D7EA8BFA09}.Release|Any CPU.Build.0 = Release|Any CPU
		{DB076A8E-7F69-7316-73B6-8658E064321C}.Debug|Any CPU.ActiveCfg = Debug|Any CPU
		{DB076A8E-7F69-7316-73B6-8658E064321C}.Debug|Any CPU.Build.0 = Debug|Any CPU
		{DB076A8E-7F69-7316-73B6-8658E064321C}.Release|Any CPU.ActiveCfg = Release|Any CPU
		{DB076A8E-7F69-7316-73B6-8658E064321C}.Release|Any CPU.Build.0 = Release|Any CPU
		{EE5A8A79-3DC5-C175-B2F6-133A5BD48976}.Debug|Any CPU.ActiveCfg = Debug|Any CPU
		{EE5A8A79-3DC5-C175-B2F6-133A5BD48976}.Debug|Any CPU.Build.0 = Debug|Any CPU
		{EE5A8A79-3DC5-C175-B2F6-133A5BD48976}.Release|Any CPU.ActiveCfg = Release|Any CPU
		{EE5A8A79-3DC5-C175-B2F6-133A5BD48976}.Release|Any CPU.Build.0 = Release|Any CPU
		{05909EC6-2C08-6AEC-2620-98982B619A31}.Debug|Any CPU.ActiveCfg = Debug|Any CPU
		{05909EC6-2C08-6AEC-2620-98982B619A31}.Debug|Any CPU.Build.0 = Debug|Any CPU
		{05909EC6-2C08-6AEC-2620-98982B619A31}.Release|Any CPU.ActiveCfg = Release|Any CPU
		{05909EC6-2C08-6AEC-2620-98982B619A31}.Release|Any CPU.Build.0 = Release|Any CPU
		{6975E011-CD80-3E54-72A4-460528869679}.Debug|Any CPU.ActiveCfg = Debug|Any CPU
		{6975E011-CD80-3E54-72A4-460528869679}.Debug|Any CPU.Build.0 = Debug|Any CPU
		{6975E011-CD80-3E54-72A4-460528869679}.Release|Any CPU.ActiveCfg = Release|Any CPU
		{6975E011-CD80-3E54-72A4-460528869679}.Release|Any CPU.Build.0 = Release|Any CPU
		{30F53185-45BC-B7B9-619A-4AC83FE1D822}.Debug|Any CPU.ActiveCfg = Debug|Any CPU
		{30F53185-45BC-B7B9-619A-4AC83FE1D822}.Debug|Any CPU.Build.0 = Debug|Any CPU
		{30F53185-45BC-B7B9-619A-4AC83FE1D822}.Release|Any CPU.ActiveCfg = Release|Any CPU
		{30F53185-45BC-B7B9-619A-4AC83FE1D822}.Release|Any CPU.Build.0 = Release|Any CPU
		{9D1FEDEF-5CA5-03FC-FEDA-765DC538E5F6}.Debug|Any CPU.ActiveCfg = Debug|Any CPU
		{9D1FEDEF-5CA5-03FC-FEDA-765DC538E5F6}.Debug|Any CPU.Build.0 = Debug|Any CPU
		{9D1FEDEF-5CA5-03FC-FEDA-765DC538E5F6}.Release|Any CPU.ActiveCfg = Release|Any CPU
		{9D1FEDEF-5CA5-03FC-FEDA-765DC538E5F6}.Release|Any CPU.Build.0 = Release|Any CPU
		{6E2C2C52-6561-AB31-06F2-2BF609ED71C2}.Debug|Any CPU.ActiveCfg = Debug|Any CPU
		{6E2C2C52-6561-AB31-06F2-2BF609ED71C2}.Debug|Any CPU.Build.0 = Debug|Any CPU
		{6E2C2C52-6561-AB31-06F2-2BF609ED71C2}.Release|Any CPU.ActiveCfg = Release|Any CPU
		{6E2C2C52-6561-AB31-06F2-2BF609ED71C2}.Release|Any CPU.Build.0 = Release|Any CPU
		{3FEA8054-17A3-4FC8-722A-9FE83ADC3235}.Debug|Any CPU.ActiveCfg = Debug|Any CPU
		{3FEA8054-17A3-4FC8-722A-9FE83ADC3235}.Debug|Any CPU.Build.0 = Debug|Any CPU
		{3FEA8054-17A3-4FC8-722A-9FE83ADC3235}.Release|Any CPU.ActiveCfg = Release|Any CPU
		{3FEA8054-17A3-4FC8-722A-9FE83ADC3235}.Release|Any CPU.Build.0 = Release|Any CPU
		{489582BA-7F89-3D6D-A3C3-9B903EFFD201}.Debug|Any CPU.ActiveCfg = Debug|Any CPU
		{489582BA-7F89-3D6D-A3C3-9B903EFFD201}.Debug|Any CPU.Build.0 = Debug|Any CPU
		{489582BA-7F89-3D6D-A3C3-9B903EFFD201}.Release|Any CPU.ActiveCfg = Release|Any CPU
		{489582BA-7F89-3D6D-A3C3-9B903EFFD201}.Release|Any CPU.Build.0 = Release|Any CPU
		{DCA79334-AB64-2551-8E04-61DDCF1963E4}.Debug|Any CPU.ActiveCfg = Debug|Any CPU
		{DCA79334-AB64-2551-8E04-61DDCF1963E4}.Debug|Any CPU.Build.0 = Debug|Any CPU
		{DCA79334-AB64-2551-8E04-61DDCF1963E4}.Release|Any CPU.ActiveCfg = Release|Any CPU
		{DCA79334-AB64-2551-8E04-61DDCF1963E4}.Release|Any CPU.Build.0 = Release|Any CPU
		{E9473D75-88C7-9AD0-D1D1-06506CFCDC9E}.Debug|Any CPU.ActiveCfg = Debug|Any CPU
		{E9473D75-88C7-9AD0-D1D1-06506CFCDC9E}.Debug|Any CPU.Build.0 = Debug|Any CPU
		{E9473D75-88C7-9AD0-D1D1-06506CFCDC9E}.Release|Any CPU.ActiveCfg = Release|Any CPU
		{E9473D75-88C7-9AD0-D1D1-06506CFCDC9E}.Release|Any CPU.Build.0 = Release|Any CPU
		{D0021971-1D10-528D-3DB4-57AECA33A5D0}.Debug|Any CPU.ActiveCfg = Debug|Any CPU
		{D0021971-1D10-528D-3DB4-57AECA33A5D0}.Debug|Any CPU.Build.0 = Debug|Any CPU
		{D0021971-1D10-528D-3DB4-57AECA33A5D0}.Release|Any CPU.ActiveCfg = Release|Any CPU
		{D0021971-1D10-528D-3DB4-57AECA33A5D0}.Release|Any CPU.Build.0 = Release|Any CPU
		{1E395C88-849B-2DE2-871D-62C82E955E89}.Debug|Any CPU.ActiveCfg = Debug|Any CPU
		{1E395C88-849B-2DE2-871D-62C82E955E89}.Debug|Any CPU.Build.0 = Debug|Any CPU
		{1E395C88-849B-2DE2-871D-62C82E955E89}.Release|Any CPU.ActiveCfg = Release|Any CPU
		{1E395C88-849B-2DE2-871D-62C82E955E89}.Release|Any CPU.Build.0 = Release|Any CPU
		{AE586A38-53BA-78D6-19D6-C7A6CFEAD54B}.Debug|Any CPU.ActiveCfg = Debug|Any CPU
		{AE586A38-53BA-78D6-19D6-C7A6CFEAD54B}.Debug|Any CPU.Build.0 = Debug|Any CPU
		{AE586A38-53BA-78D6-19D6-C7A6CFEAD54B}.Release|Any CPU.ActiveCfg = Release|Any CPU
		{AE586A38-53BA-78D6-19D6-C7A6CFEAD54B}.Release|Any CPU.Build.0 = Release|Any CPU
		{D19A169C-365A-FEBD-BEAA-8DFCE39A42BF}.Debug|Any CPU.ActiveCfg = Debug|Any CPU
		{D19A169C-365A-FEBD-BEAA-8DFCE39A42BF}.Debug|Any CPU.Build.0 = Debug|Any CPU
		{D19A169C-365A-FEBD-BEAA-8DFCE39A42BF}.Release|Any CPU.ActiveCfg = Release|Any CPU
		{D19A169C-365A-FEBD-BEAA-8DFCE39A42BF}.Release|Any CPU.Build.0 = Release|Any CPU
		{DCB68F81-A932-487D-99B1-74C3D04D7608}.Debug|Any CPU.ActiveCfg = Debug|Any CPU
		{DCB68F81-A932-487D-99B1-74C3D04D7608}.Debug|Any CPU.Build.0 = Debug|Any CPU
		{DCB68F81-A932-487D-99B1-74C3D04D7608}.Release|Any CPU.ActiveCfg = Release|Any CPU
		{DCB68F81-A932-487D-99B1-74C3D04D7608}.Release|Any CPU.Build.0 = Release|Any CPU
		{FDEB006F-FD0F-80F3-B8AF-94C6291A4AA5}.Debug|Any CPU.ActiveCfg = Debug|Any CPU
		{FDEB006F-FD0F-80F3-B8AF-94C6291A4AA5}.Debug|Any CPU.Build.0 = Debug|Any CPU
		{FDEB006F-FD0F-80F3-B8AF-94C6291A4AA5}.Release|Any CPU.ActiveCfg = Release|Any CPU
		{FDEB006F-FD0F-80F3-B8AF-94C6291A4AA5}.Release|Any CPU.Build.0 = Release|Any CPU
		{D125D8CF-DD81-61F5-4ED4-70846EDB05CB}.Debug|Any CPU.ActiveCfg = Debug|Any CPU
		{D125D8CF-DD81-61F5-4ED4-70846EDB05CB}.Debug|Any CPU.Build.0 = Debug|Any CPU
		{D125D8CF-DD81-61F5-4ED4-70846EDB05CB}.Release|Any CPU.ActiveCfg = Release|Any CPU
		{D125D8CF-DD81-61F5-4ED4-70846EDB05CB}.Release|Any CPU.Build.0 = Release|Any CPU
		{530B5CF5-3504-7F89-23D1-5FBE85627507}.Debug|Any CPU.ActiveCfg = Debug|Any CPU
		{530B5CF5-3504-7F89-23D1-5FBE85627507}.Debug|Any CPU.Build.0 = Debug|Any CPU
		{530B5CF5-3504-7F89-23D1-5FBE85627507}.Release|Any CPU.ActiveCfg = Release|Any CPU
		{530B5CF5-3504-7F89-23D1-5FBE85627507}.Release|Any CPU.Build.0 = Release|Any CPU
		{3C0BFBA9-71D9-A10C-6409-93FF76146117}.Debug|Any CPU.ActiveCfg = Debug|Any CPU
		{3C0BFBA9-71D9-A10C-6409-93FF76146117}.Debug|Any CPU.Build.0 = Debug|Any CPU
		{3C0BFBA9-71D9-A10C-6409-93FF76146117}.Release|Any CPU.ActiveCfg = Release|Any CPU
		{3C0BFBA9-71D9-A10C-6409-93FF76146117}.Release|Any CPU.Build.0 = Release|Any CPU
		{EEBB2ABA-48C9-949B-6F78-47FB417640E8}.Debug|Any CPU.ActiveCfg = Debug|Any CPU
		{EEBB2ABA-48C9-949B-6F78-47FB417640E8}.Debug|Any CPU.Build.0 = Debug|Any CPU
		{EEBB2ABA-48C9-949B-6F78-47FB417640E8}.Release|Any CPU.ActiveCfg = Release|Any CPU
		{EEBB2ABA-48C9-949B-6F78-47FB417640E8}.Release|Any CPU.Build.0 = Release|Any CPU
		{38F68802-5E90-6650-7093-5A31036A4745}.Debug|Any CPU.ActiveCfg = Debug|Any CPU
		{38F68802-5E90-6650-7093-5A31036A4745}.Debug|Any CPU.Build.0 = Debug|Any CPU
		{38F68802-5E90-6650-7093-5A31036A4745}.Release|Any CPU.ActiveCfg = Release|Any CPU
		{38F68802-5E90-6650-7093-5A31036A4745}.Release|Any CPU.Build.0 = Release|Any CPU
		{670AC6BF-B353-3C11-D43E-3FCC5167CEC5}.Debug|Any CPU.ActiveCfg = Debug|Any CPU
		{670AC6BF-B353-3C11-D43E-3FCC5167CEC5}.Debug|Any CPU.Build.0 = Debug|Any CPU
		{670AC6BF-B353-3C11-D43E-3FCC5167CEC5}.Release|Any CPU.ActiveCfg = Release|Any CPU
		{670AC6BF-B353-3C11-D43E-3FCC5167CEC5}.Release|Any CPU.Build.0 = Release|Any CPU
		{E8D891B8-C8AC-3F6A-25D8-4168C558CA56}.Debug|Any CPU.ActiveCfg = Debug|Any CPU
		{E8D891B8-C8AC-3F6A-25D8-4168C558CA56}.Debug|Any CPU.Build.0 = Debug|Any CPU
		{E8D891B8-C8AC-3F6A-25D8-4168C558CA56}.Release|Any CPU.ActiveCfg = Release|Any CPU
		{E8D891B8-C8AC-3F6A-25D8-4168C558CA56}.Release|Any CPU.Build.0 = Release|Any CPU
		{04BCEE1C-782A-0EFB-727C-206A681C7403}.Debug|Any CPU.ActiveCfg = Debug|Any CPU
		{04BCEE1C-782A-0EFB-727C-206A681C7403}.Debug|Any CPU.Build.0 = Debug|Any CPU
		{04BCEE1C-782A-0EFB-727C-206A681C7403}.Release|Any CPU.ActiveCfg = Release|Any CPU
		{04BCEE1C-782A-0EFB-727C-206A681C7403}.Release|Any CPU.Build.0 = Release|Any CPU
		{47310B63-DD4F-9547-2330-6774D4E1A816}.Debug|Any CPU.ActiveCfg = Debug|Any CPU
		{47310B63-DD4F-9547-2330-6774D4E1A816}.Debug|Any CPU.Build.0 = Debug|Any CPU
		{47310B63-DD4F-9547-2330-6774D4E1A816}.Release|Any CPU.ActiveCfg = Release|Any CPU
		{47310B63-DD4F-9547-2330-6774D4E1A816}.Release|Any CPU.Build.0 = Release|Any CPU
		{DF39C4D9-8E4D-F155-1CE7-28BD07721265}.Debug|Any CPU.ActiveCfg = Debug|Any CPU
		{DF39C4D9-8E4D-F155-1CE7-28BD07721265}.Debug|Any CPU.Build.0 = Debug|Any CPU
		{DF39C4D9-8E4D-F155-1CE7-28BD07721265}.Release|Any CPU.ActiveCfg = Release|Any CPU
		{DF39C4D9-8E4D-F155-1CE7-28BD07721265}.Release|Any CPU.Build.0 = Release|Any CPU
		{FC357EC0-298D-DEAF-438B-23595B4466E5}.Debug|Any CPU.ActiveCfg = Debug|Any CPU
		{FC357EC0-298D-DEAF-438B-23595B4466E5}.Debug|Any CPU.Build.0 = Debug|Any CPU
		{FC357EC0-298D-DEAF-438B-23595B4466E5}.Release|Any CPU.ActiveCfg = Release|Any CPU
		{FC357EC0-298D-DEAF-438B-23595B4466E5}.Release|Any CPU.Build.0 = Release|Any CPU
		{F937D354-7429-980C-99EE-C209CA1110D9}.Debug|Any CPU.ActiveCfg = Debug|Any CPU
		{F937D354-7429-980C-99EE-C209CA1110D9}.Debug|Any CPU.Build.0 = Debug|Any CPU
		{F937D354-7429-980C-99EE-C209CA1110D9}.Release|Any CPU.ActiveCfg = Release|Any CPU
		{F937D354-7429-980C-99EE-C209CA1110D9}.Release|Any CPU.Build.0 = Release|Any CPU
		{5A121BEA-8FC4-8358-FFBA-61EEFECC2C7D}.Debug|Any CPU.ActiveCfg = Debug|Any CPU
		{5A121BEA-8FC4-8358-FFBA-61EEFECC2C7D}.Debug|Any CPU.Build.0 = Debug|Any CPU
		{5A121BEA-8FC4-8358-FFBA-61EEFECC2C7D}.Release|Any CPU.ActiveCfg = Release|Any CPU
		{5A121BEA-8FC4-8358-FFBA-61EEFECC2C7D}.Release|Any CPU.Build.0 = Release|Any CPU
		{8D052031-6F65-CC58-0C6C-B489D5ED992F}.Debug|Any CPU.ActiveCfg = Debug|Any CPU
		{8D052031-6F65-CC58-0C6C-B489D5ED992F}.Debug|Any CPU.Build.0 = Debug|Any CPU
		{8D052031-6F65-CC58-0C6C-B489D5ED992F}.Release|Any CPU.ActiveCfg = Release|Any CPU
		{8D052031-6F65-CC58-0C6C-B489D5ED992F}.Release|Any CPU.Build.0 = Release|Any CPU
		{39C4323C-22BA-2393-5C73-A051D6D6DBCA}.Debug|Any CPU.ActiveCfg = Debug|Any CPU
		{39C4323C-22BA-2393-5C73-A051D6D6DBCA}.Debug|Any CPU.Build.0 = Debug|Any CPU
		{39C4323C-22BA-2393-5C73-A051D6D6DBCA}.Release|Any CPU.ActiveCfg = Release|Any CPU
		{39C4323C-22BA-2393-5C73-A051D6D6DBCA}.Release|Any CPU.Build.0 = Release|Any CPU
		{3C315D34-5AB5-1E15-ED26-190DC3C39A14}.Debug|Any CPU.ActiveCfg = Debug|Any CPU
		{3C315D34-5AB5-1E15-ED26-190DC3C39A14}.Debug|Any CPU.Build.0 = Debug|Any CPU
		{3C315D34-5AB5-1E15-ED26-190DC3C39A14}.Release|Any CPU.ActiveCfg = Release|Any CPU
		{3C315D34-5AB5-1E15-ED26-190DC3C39A14}.Release|Any CPU.Build.0 = Release|Any CPU
		{1A300F8D-1189-BD47-96A3-EC8F4427963E}.Debug|Any CPU.ActiveCfg = Debug|Any CPU
		{1A300F8D-1189-BD47-96A3-EC8F4427963E}.Debug|Any CPU.Build.0 = Debug|Any CPU
		{1A300F8D-1189-BD47-96A3-EC8F4427963E}.Release|Any CPU.ActiveCfg = Release|Any CPU
		{1A300F8D-1189-BD47-96A3-EC8F4427963E}.Release|Any CPU.Build.0 = Release|Any CPU
		{76E1AD26-0F11-529D-0B41-870CCF71A855}.Debug|Any CPU.ActiveCfg = Debug|Any CPU
		{76E1AD26-0F11-529D-0B41-870CCF71A855}.Debug|Any CPU.Build.0 = Debug|Any CPU
		{76E1AD26-0F11-529D-0B41-870CCF71A855}.Release|Any CPU.ActiveCfg = Release|Any CPU
		{76E1AD26-0F11-529D-0B41-870CCF71A855}.Release|Any CPU.Build.0 = Release|Any CPU
		{CAE1B45F-4163-944A-D1B0-06774321561C}.Debug|Any CPU.ActiveCfg = Debug|Any CPU
		{CAE1B45F-4163-944A-D1B0-06774321561C}.Debug|Any CPU.Build.0 = Debug|Any CPU
		{CAE1B45F-4163-944A-D1B0-06774321561C}.Release|Any CPU.ActiveCfg = Release|Any CPU
		{CAE1B45F-4163-944A-D1B0-06774321561C}.Release|Any CPU.Build.0 = Release|Any CPU
		{E761BFF2-C457-26C6-641B-6B7BA108B915}.Debug|Any CPU.ActiveCfg = Debug|Any CPU
		{E761BFF2-C457-26C6-641B-6B7BA108B915}.Debug|Any CPU.Build.0 = Debug|Any CPU
		{E761BFF2-C457-26C6-641B-6B7BA108B915}.Release|Any CPU.ActiveCfg = Release|Any CPU
		{E761BFF2-C457-26C6-641B-6B7BA108B915}.Release|Any CPU.Build.0 = Release|Any CPU
		{14BFA297-103D-AB74-9AEB-8E31906C2E2A}.Debug|Any CPU.ActiveCfg = Debug|Any CPU
		{14BFA297-103D-AB74-9AEB-8E31906C2E2A}.Debug|Any CPU.Build.0 = Debug|Any CPU
		{14BFA297-103D-AB74-9AEB-8E31906C2E2A}.Release|Any CPU.ActiveCfg = Release|Any CPU
		{14BFA297-103D-AB74-9AEB-8E31906C2E2A}.Release|Any CPU.Build.0 = Release|Any CPU
		{A89CE6DD-DF1C-9822-D7E7-97B033EA88B5}.Debug|Any CPU.ActiveCfg = Debug|Any CPU
		{A89CE6DD-DF1C-9822-D7E7-97B033EA88B5}.Debug|Any CPU.Build.0 = Debug|Any CPU
		{A89CE6DD-DF1C-9822-D7E7-97B033EA88B5}.Release|Any CPU.ActiveCfg = Release|Any CPU
		{A89CE6DD-DF1C-9822-D7E7-97B033EA88B5}.Release|Any CPU.Build.0 = Release|Any CPU
		{E4EDED21-9D3C-A697-9184-DAD5286D112D}.Debug|Any CPU.ActiveCfg = Debug|Any CPU
		{E4EDED21-9D3C-A697-9184-DAD5286D112D}.Debug|Any CPU.Build.0 = Debug|Any CPU
		{E4EDED21-9D3C-A697-9184-DAD5286D112D}.Release|Any CPU.ActiveCfg = Release|Any CPU
		{E4EDED21-9D3C-A697-9184-DAD5286D112D}.Release|Any CPU.Build.0 = Release|Any CPU
		{2A04E422-9CB2-B251-75DB-8C859F927F7C}.Debug|Any CPU.ActiveCfg = Debug|Any CPU
		{2A04E422-9CB2-B251-75DB-8C859F927F7C}.Debug|Any CPU.Build.0 = Debug|Any CPU
		{2A04E422-9CB2-B251-75DB-8C859F927F7C}.Release|Any CPU.ActiveCfg = Release|Any CPU
		{2A04E422-9CB2-B251-75DB-8C859F927F7C}.Release|Any CPU.Build.0 = Release|Any CPU
		{0E57C253-25E9-7ABF-EBA8-45814D38784B}.Debug|Any CPU.ActiveCfg = Debug|Any CPU
		{0E57C253-25E9-7ABF-EBA8-45814D38784B}.Debug|Any CPU.Build.0 = Debug|Any CPU
		{0E57C253-25E9-7ABF-EBA8-45814D38784B}.Release|Any CPU.ActiveCfg = Release|Any CPU
		{0E57C253-25E9-7ABF-EBA8-45814D38784B}.Release|Any CPU.Build.0 = Release|Any CPU
		{D6D09D00-A099-9F68-D744-D59FF8FF732E}.Debug|Any CPU.ActiveCfg = Debug|Any CPU
		{D6D09D00-A099-9F68-D744-D59FF8FF732E}.Debug|Any CPU.Build.0 = Debug|Any CPU
		{D6D09D00-A099-9F68-D744-D59FF8FF732E}.Release|Any CPU.ActiveCfg = Release|Any CPU
		{D6D09D00-A099-9F68-D744-D59FF8FF732E}.Release|Any CPU.Build.0 = Release|Any CPU
		{33AC8FC0-50CC-6C7A-FB39-9BCD0BE7055D}.Debug|Any CPU.ActiveCfg = Debug|Any CPU
		{33AC8FC0-50CC-6C7A-FB39-9BCD0BE7055D}.Debug|Any CPU.Build.0 = Debug|Any CPU
		{33AC8FC0-50CC-6C7A-FB39-9BCD0BE7055D}.Release|Any CPU.ActiveCfg = Release|Any CPU
		{33AC8FC0-50CC-6C7A-FB39-9BCD0BE7055D}.Release|Any CPU.Build.0 = Release|Any CPU
		{67D751B8-AD40-B47A-9CF1-57F06BD37195}.Debug|Any CPU.ActiveCfg = Debug|Any CPU
		{67D751B8-AD40-B47A-9CF1-57F06BD37195}.Debug|Any CPU.Build.0 = Debug|Any CPU
		{67D751B8-AD40-B47A-9CF1-57F06BD37195}.Release|Any CPU.ActiveCfg = Release|Any CPU
		{67D751B8-AD40-B47A-9CF1-57F06BD37195}.Release|Any CPU.Build.0 = Release|Any CPU
		{BF795BEA-BC5F-5ECE-758B-8AE041870164}.Debug|Any CPU.ActiveCfg = Debug|Any CPU
		{BF795BEA-BC5F-5ECE-758B-8AE041870164}.Debug|Any CPU.Build.0 = Debug|Any CPU
		{BF795BEA-BC5F-5ECE-758B-8AE041870164}.Release|Any CPU.ActiveCfg = Release|Any CPU
		{BF795BEA-BC5F-5ECE-758B-8AE041870164}.Release|Any CPU.Build.0 = Release|Any CPU
		{91BB236F-F12D-5F0D-A970-3246B1D117E5}.Debug|Any CPU.ActiveCfg = Debug|Any CPU
		{91BB236F-F12D-5F0D-A970-3246B1D117E5}.Debug|Any CPU.Build.0 = Debug|Any CPU
		{91BB236F-F12D-5F0D-A970-3246B1D117E5}.Release|Any CPU.ActiveCfg = Release|Any CPU
		{91BB236F-F12D-5F0D-A970-3246B1D117E5}.Release|Any CPU.Build.0 = Release|Any CPU
		{DF871EFD-FF5A-712D-718D-283829565DF3}.Debug|Any CPU.ActiveCfg = Debug|Any CPU
		{DF871EFD-FF5A-712D-718D-283829565DF3}.Debug|Any CPU.Build.0 = Debug|Any CPU
		{DF871EFD-FF5A-712D-718D-283829565DF3}.Release|Any CPU.ActiveCfg = Release|Any CPU
		{DF871EFD-FF5A-712D-718D-283829565DF3}.Release|Any CPU.Build.0 = Release|Any CPU
		{9F3DC0D5-9FC3-F7EE-A6F1-6888B6653BB5}.Debug|Any CPU.ActiveCfg = Debug|Any CPU
		{9F3DC0D5-9FC3-F7EE-A6F1-6888B6653BB5}.Debug|Any CPU.Build.0 = Debug|Any CPU
		{9F3DC0D5-9FC3-F7EE-A6F1-6888B6653BB5}.Release|Any CPU.ActiveCfg = Release|Any CPU
		{9F3DC0D5-9FC3-F7EE-A6F1-6888B6653BB5}.Release|Any CPU.Build.0 = Release|Any CPU
		{A03EA050-ECBA-B732-1ECA-3C2A6FA5F307}.Debug|Any CPU.ActiveCfg = Debug|Any CPU
		{A03EA050-ECBA-B732-1ECA-3C2A6FA5F307}.Debug|Any CPU.Build.0 = Debug|Any CPU
		{A03EA050-ECBA-B732-1ECA-3C2A6FA5F307}.Release|Any CPU.ActiveCfg = Release|Any CPU
		{A03EA050-ECBA-B732-1ECA-3C2A6FA5F307}.Release|Any CPU.Build.0 = Release|Any CPU
		{2EE465F4-63EF-11E2-6F06-DA85A764D711}.Debug|Any CPU.ActiveCfg = Debug|Any CPU
		{2EE465F4-63EF-11E2-6F06-DA85A764D711}.Debug|Any CPU.Build.0 = Debug|Any CPU
		{2EE465F4-63EF-11E2-6F06-DA85A764D711}.Release|Any CPU.ActiveCfg = Release|Any CPU
		{2EE465F4-63EF-11E2-6F06-DA85A764D711}.Release|Any CPU.Build.0 = Release|Any CPU
		{81406913-298A-3830-2C16-17130778D149}.Debug|Any CPU.ActiveCfg = Debug|Any CPU
		{81406913-298A-3830-2C16-17130778D149}.Debug|Any CPU.Build.0 = Debug|Any CPU
		{81406913-298A-3830-2C16-17130778D149}.Release|Any CPU.ActiveCfg = Release|Any CPU
		{81406913-298A-3830-2C16-17130778D149}.Release|Any CPU.Build.0 = Release|Any CPU
		{7F34CE6D-FF72-2FD2-9E03-EC3CD6C0B2E1}.Debug|Any CPU.ActiveCfg = Debug|Any CPU
		{7F34CE6D-FF72-2FD2-9E03-EC3CD6C0B2E1}.Debug|Any CPU.Build.0 = Debug|Any CPU
		{7F34CE6D-FF72-2FD2-9E03-EC3CD6C0B2E1}.Release|Any CPU.ActiveCfg = Release|Any CPU
		{7F34CE6D-FF72-2FD2-9E03-EC3CD6C0B2E1}.Release|Any CPU.Build.0 = Release|Any CPU
		{5A4B1896-FEA7-CE20-B34C-2F8774BE2A5E}.Debug|Any CPU.ActiveCfg = Debug|Any CPU
		{5A4B1896-FEA7-CE20-B34C-2F8774BE2A5E}.Debug|Any CPU.Build.0 = Debug|Any CPU
		{5A4B1896-FEA7-CE20-B34C-2F8774BE2A5E}.Release|Any CPU.ActiveCfg = Release|Any CPU
		{5A4B1896-FEA7-CE20-B34C-2F8774BE2A5E}.Release|Any CPU.Build.0 = Release|Any CPU
		{5E7C06FF-C6C8-FD21-AAA4-C77919684843}.Debug|Any CPU.ActiveCfg = Debug|Any CPU
		{5E7C06FF-C6C8-FD21-AAA4-C77919684843}.Debug|Any CPU.Build.0 = Debug|Any CPU
		{5E7C06FF-C6C8-FD21-AAA4-C77919684843}.Release|Any CPU.ActiveCfg = Release|Any CPU
		{5E7C06FF-C6C8-FD21-AAA4-C77919684843}.Release|Any CPU.Build.0 = Release|Any CPU
		{25261E0C-E125-4ABF-620B-C7C0527CF1E6}.Debug|Any CPU.ActiveCfg = Debug|Any CPU
		{25261E0C-E125-4ABF-620B-C7C0527CF1E6}.Debug|Any CPU.Build.0 = Debug|Any CPU
		{25261E0C-E125-4ABF-620B-C7C0527CF1E6}.Release|Any CPU.ActiveCfg = Release|Any CPU
		{25261E0C-E125-4ABF-620B-C7C0527CF1E6}.Release|Any CPU.Build.0 = Release|Any CPU
		{B28CE261-A213-F919-408A-3C473712DA3C}.Debug|Any CPU.ActiveCfg = Debug|Any CPU
		{B28CE261-A213-F919-408A-3C473712DA3C}.Debug|Any CPU.Build.0 = Debug|Any CPU
		{B28CE261-A213-F919-408A-3C473712DA3C}.Release|Any CPU.ActiveCfg = Release|Any CPU
		{B28CE261-A213-F919-408A-3C473712DA3C}.Release|Any CPU.Build.0 = Release|Any CPU
		{3180C0BC-9A7E-B055-7341-5D7D87B2656F}.Debug|Any CPU.ActiveCfg = Debug|Any CPU
		{3180C0BC-9A7E-B055-7341-5D7D87B2656F}.Debug|Any CPU.Build.0 = Debug|Any CPU
		{3180C0BC-9A7E-B055-7341-5D7D87B2656F}.Release|Any CPU.ActiveCfg = Release|Any CPU
		{3180C0BC-9A7E-B055-7341-5D7D87B2656F}.Release|Any CPU.Build.0 = Release|Any CPU
		{D2B8B743-6EFA-757A-AC85-B66E34715260}.Debug|Any CPU.ActiveCfg = Debug|Any CPU
		{D2B8B743-6EFA-757A-AC85-B66E34715260}.Debug|Any CPU.Build.0 = Debug|Any CPU
		{D2B8B743-6EFA-757A-AC85-B66E34715260}.Release|Any CPU.ActiveCfg = Release|Any CPU
		{D2B8B743-6EFA-757A-AC85-B66E34715260}.Release|Any CPU.Build.0 = Release|Any CPU
		{6ECB0C80-2E10-AAB4-4084-ABE04F765CC3}.Debug|Any CPU.ActiveCfg = Debug|Any CPU
		{6ECB0C80-2E10-AAB4-4084-ABE04F765CC3}.Debug|Any CPU.Build.0 = Debug|Any CPU
		{6ECB0C80-2E10-AAB4-4084-ABE04F765CC3}.Release|Any CPU.ActiveCfg = Release|Any CPU
		{6ECB0C80-2E10-AAB4-4084-ABE04F765CC3}.Release|Any CPU.Build.0 = Release|Any CPU
		{78B7A9DD-0E58-E3CF-7A4E-51A57B34810B}.Debug|Any CPU.ActiveCfg = Debug|Any CPU
		{78B7A9DD-0E58-E3CF-7A4E-51A57B34810B}.Debug|Any CPU.Build.0 = Debug|Any CPU
		{78B7A9DD-0E58-E3CF-7A4E-51A57B34810B}.Release|Any CPU.ActiveCfg = Release|Any CPU
		{78B7A9DD-0E58-E3CF-7A4E-51A57B34810B}.Release|Any CPU.Build.0 = Release|Any CPU
		{7B8DDE95-2B6D-2B01-53BF-AF84B4F37EC1}.Debug|Any CPU.ActiveCfg = Debug|Any CPU
		{7B8DDE95-2B6D-2B01-53BF-AF84B4F37EC1}.Debug|Any CPU.Build.0 = Debug|Any CPU
		{7B8DDE95-2B6D-2B01-53BF-AF84B4F37EC1}.Release|Any CPU.ActiveCfg = Release|Any CPU
		{7B8DDE95-2B6D-2B01-53BF-AF84B4F37EC1}.Release|Any CPU.Build.0 = Release|Any CPU
		{C98E7976-48D4-FCC9-8BFA-CD927646AFE3}.Debug|Any CPU.ActiveCfg = Debug|Any CPU
		{C98E7976-48D4-FCC9-8BFA-CD927646AFE3}.Debug|Any CPU.Build.0 = Debug|Any CPU
		{C98E7976-48D4-FCC9-8BFA-CD927646AFE3}.Release|Any CPU.ActiveCfg = Release|Any CPU
		{C98E7976-48D4-FCC9-8BFA-CD927646AFE3}.Release|Any CPU.Build.0 = Release|Any CPU
		{51B18B49-A024-FCA9-A50E-AD4FA2F7ED0E}.Debug|Any CPU.ActiveCfg = Debug|Any CPU
		{51B18B49-A024-FCA9-A50E-AD4FA2F7ED0E}.Debug|Any CPU.Build.0 = Debug|Any CPU
		{51B18B49-A024-FCA9-A50E-AD4FA2F7ED0E}.Release|Any CPU.ActiveCfg = Release|Any CPU
		{51B18B49-A024-FCA9-A50E-AD4FA2F7ED0E}.Release|Any CPU.Build.0 = Release|Any CPU
		{857FEE6C-660B-5559-1FB4-1C233B0C3402}.Debug|Any CPU.ActiveCfg = Debug|Any CPU
		{857FEE6C-660B-5559-1FB4-1C233B0C3402}.Debug|Any CPU.Build.0 = Debug|Any CPU
		{857FEE6C-660B-5559-1FB4-1C233B0C3402}.Release|Any CPU.ActiveCfg = Release|Any CPU
		{857FEE6C-660B-5559-1FB4-1C233B0C3402}.Release|Any CPU.Build.0 = Release|Any CPU
		{06CFCC7B-BC10-8865-35B0-5C3B1EC69393}.Debug|Any CPU.ActiveCfg = Debug|Any CPU
		{06CFCC7B-BC10-8865-35B0-5C3B1EC69393}.Debug|Any CPU.Build.0 = Debug|Any CPU
		{06CFCC7B-BC10-8865-35B0-5C3B1EC69393}.Release|Any CPU.ActiveCfg = Release|Any CPU
		{06CFCC7B-BC10-8865-35B0-5C3B1EC69393}.Release|Any CPU.Build.0 = Release|Any CPU
		{2B9CB700-CCC2-4361-A607-C9A413C030DA}.Debug|Any CPU.ActiveCfg = Debug|Any CPU
		{2B9CB700-CCC2-4361-A607-C9A413C030DA}.Debug|Any CPU.Build.0 = Debug|Any CPU
		{2B9CB700-CCC2-4361-A607-C9A413C030DA}.Release|Any CPU.ActiveCfg = Release|Any CPU
		{2B9CB700-CCC2-4361-A607-C9A413C030DA}.Release|Any CPU.Build.0 = Release|Any CPU
		{235843BD-3BB4-B6F3-02CE-B50820EE17B0}.Debug|Any CPU.ActiveCfg = Debug|Any CPU
		{235843BD-3BB4-B6F3-02CE-B50820EE17B0}.Debug|Any CPU.Build.0 = Debug|Any CPU
		{235843BD-3BB4-B6F3-02CE-B50820EE17B0}.Release|Any CPU.ActiveCfg = Release|Any CPU
		{235843BD-3BB4-B6F3-02CE-B50820EE17B0}.Release|Any CPU.Build.0 = Release|Any CPU
		{083E4F36-C9D3-0C0E-83B5-BF9BB0079F16}.Debug|Any CPU.ActiveCfg = Debug|Any CPU
		{083E4F36-C9D3-0C0E-83B5-BF9BB0079F16}.Debug|Any CPU.Build.0 = Debug|Any CPU
		{083E4F36-C9D3-0C0E-83B5-BF9BB0079F16}.Release|Any CPU.ActiveCfg = Release|Any CPU
		{083E4F36-C9D3-0C0E-83B5-BF9BB0079F16}.Release|Any CPU.Build.0 = Release|Any CPU
		{F94A944A-9578-7FEA-DCEC-6EB0CC1AD0C6}.Debug|Any CPU.ActiveCfg = Debug|Any CPU
		{F94A944A-9578-7FEA-DCEC-6EB0CC1AD0C6}.Debug|Any CPU.Build.0 = Debug|Any CPU
		{F94A944A-9578-7FEA-DCEC-6EB0CC1AD0C6}.Release|Any CPU.ActiveCfg = Release|Any CPU
		{F94A944A-9578-7FEA-DCEC-6EB0CC1AD0C6}.Release|Any CPU.Build.0 = Release|Any CPU
		{78DE0076-664A-6F21-4F67-C5EFEE6D7F7F}.Debug|Any CPU.ActiveCfg = Debug|Any CPU
		{78DE0076-664A-6F21-4F67-C5EFEE6D7F7F}.Debug|Any CPU.Build.0 = Debug|Any CPU
		{78DE0076-664A-6F21-4F67-C5EFEE6D7F7F}.Release|Any CPU.ActiveCfg = Release|Any CPU
		{78DE0076-664A-6F21-4F67-C5EFEE6D7F7F}.Release|Any CPU.Build.0 = Release|Any CPU
		{BE2533A9-F36B-8929-2657-A34E98542EEA}.Debug|Any CPU.ActiveCfg = Debug|Any CPU
		{BE2533A9-F36B-8929-2657-A34E98542EEA}.Debug|Any CPU.Build.0 = Debug|Any CPU
		{BE2533A9-F36B-8929-2657-A34E98542EEA}.Release|Any CPU.ActiveCfg = Release|Any CPU
		{BE2533A9-F36B-8929-2657-A34E98542EEA}.Release|Any CPU.Build.0 = Release|Any CPU
		{C7A96D73-77FE-ADE5-F4F6-66D5706F4B07}.Debug|Any CPU.ActiveCfg = Debug|Any CPU
		{C7A96D73-77FE-ADE5-F4F6-66D5706F4B07}.Debug|Any CPU.Build.0 = Debug|Any CPU
		{C7A96D73-77FE-ADE5-F4F6-66D5706F4B07}.Release|Any CPU.ActiveCfg = Release|Any CPU
		{C7A96D73-77FE-ADE5-F4F6-66D5706F4B07}.Release|Any CPU.Build.0 = Release|Any CPU
		{D072FDEE-DC7C-8760-B737-46DDD1C34909}.Debug|Any CPU.ActiveCfg = Debug|Any CPU
		{D072FDEE-DC7C-8760-B737-46DDD1C34909}.Debug|Any CPU.Build.0 = Debug|Any CPU
		{D072FDEE-DC7C-8760-B737-46DDD1C34909}.Release|Any CPU.ActiveCfg = Release|Any CPU
		{D072FDEE-DC7C-8760-B737-46DDD1C34909}.Release|Any CPU.Build.0 = Release|Any CPU
		{BE0FEA14-D547-AAFA-3291-62A23FE6FABF}.Debug|Any CPU.ActiveCfg = Debug|Any CPU
		{BE0FEA14-D547-AAFA-3291-62A23FE6FABF}.Debug|Any CPU.Build.0 = Debug|Any CPU
		{BE0FEA14-D547-AAFA-3291-62A23FE6FABF}.Release|Any CPU.ActiveCfg = Release|Any CPU
		{BE0FEA14-D547-AAFA-3291-62A23FE6FABF}.Release|Any CPU.Build.0 = Release|Any CPU
		{72692475-DF97-7D8C-0995-76F17EDFC191}.Debug|Any CPU.ActiveCfg = Debug|Any CPU
		{72692475-DF97-7D8C-0995-76F17EDFC191}.Debug|Any CPU.Build.0 = Debug|Any CPU
		{72692475-DF97-7D8C-0995-76F17EDFC191}.Release|Any CPU.ActiveCfg = Release|Any CPU
		{72692475-DF97-7D8C-0995-76F17EDFC191}.Release|Any CPU.Build.0 = Release|Any CPU
		{9B9FCC2B-2048-CF65-6024-45B3DAC6D62F}.Debug|Any CPU.ActiveCfg = Debug|Any CPU
		{9B9FCC2B-2048-CF65-6024-45B3DAC6D62F}.Debug|Any CPU.Build.0 = Debug|Any CPU
		{9B9FCC2B-2048-CF65-6024-45B3DAC6D62F}.Release|Any CPU.ActiveCfg = Release|Any CPU
		{9B9FCC2B-2048-CF65-6024-45B3DAC6D62F}.Release|Any CPU.Build.0 = Release|Any CPU
		{82CB4892-7238-3F0B-B2D1-88B2A1226C5C}.Debug|Any CPU.ActiveCfg = Debug|Any CPU
		{82CB4892-7238-3F0B-B2D1-88B2A1226C5C}.Debug|Any CPU.Build.0 = Debug|Any CPU
		{82CB4892-7238-3F0B-B2D1-88B2A1226C5C}.Release|Any CPU.ActiveCfg = Release|Any CPU
		{82CB4892-7238-3F0B-B2D1-88B2A1226C5C}.Release|Any CPU.Build.0 = Release|Any CPU
		{07998BC3-3F45-31AB-29CF-37523565EAC2}.Debug|Any CPU.ActiveCfg = Debug|Any CPU
		{07998BC3-3F45-31AB-29CF-37523565EAC2}.Debug|Any CPU.Build.0 = Debug|Any CPU
		{07998BC3-3F45-31AB-29CF-37523565EAC2}.Release|Any CPU.ActiveCfg = Release|Any CPU
		{07998BC3-3F45-31AB-29CF-37523565EAC2}.Release|Any CPU.Build.0 = Release|Any CPU
		{7C18A8E0-2FD6-1821-E06C-BCF6A314A3EA}.Debug|Any CPU.ActiveCfg = Debug|Any CPU
		{7C18A8E0-2FD6-1821-E06C-BCF6A314A3EA}.Debug|Any CPU.Build.0 = Debug|Any CPU
		{7C18A8E0-2FD6-1821-E06C-BCF6A314A3EA}.Release|Any CPU.ActiveCfg = Release|Any CPU
		{7C18A8E0-2FD6-1821-E06C-BCF6A314A3EA}.Release|Any CPU.Build.0 = Release|Any CPU
	EndGlobalSection
	GlobalSection(SolutionProperties) = preSolution
		HideSolutionNode = FALSE
	EndGlobalSection
EndGlobal
